// !$*UTF8*$!
{
	archiveVersion = 1;
	classes = {
	};
	objectVersion = 46;
	objects = {

/* Begin PBXAggregateTarget section */
		D6C4A03E13ECF48F003E1BE6 /* Universal_Framework */ = {
			isa = PBXAggregateTarget;
			buildConfigurationList = D6C4A04B13ECF48F003E1BE6 /* Build configuration list for PBXAggregateTarget "Universal_Framework" */;
			buildPhases = (
				D6C4A03D13ECF48F003E1BE6 /* ShellScript */,
			);
			dependencies = (
			);
			name = Universal_Framework;
			productName = Universal_Framework;
		};
/* End PBXAggregateTarget section */

/* Begin PBXBuildFile section */
		D6C4A04413ECF48F003E1BE6 /* InfoPlist.strings in Resources */ = {isa = PBXBuildFile; fileRef = D6C4A04213ECF48F003E1BE6 /* InfoPlist.strings */; };
		D6C4A0B813ECF4D2003E1BE6 /* AsyncSocket.h in Headers */ = {isa = PBXBuildFile; fileRef = D6C4A05013ECF4D2003E1BE6 /* AsyncSocket.h */; };
		D6C4A0B913ECF4D2003E1BE6 /* AsyncSocket.m in Sources */ = {isa = PBXBuildFile; fileRef = D6C4A05113ECF4D2003E1BE6 /* AsyncSocket.m */; };
		D6C4A0BA13ECF4D2003E1BE6 /* DDData.h in Headers */ = {isa = PBXBuildFile; fileRef = D6C4A05213ECF4D2003E1BE6 /* DDData.h */; };
		D6C4A0BB13ECF4D2003E1BE6 /* DDData.m in Sources */ = {isa = PBXBuildFile; fileRef = D6C4A05313ECF4D2003E1BE6 /* DDData.m */; };
		D6C4A0BC13ECF4D2003E1BE6 /* DDNumber.h in Headers */ = {isa = PBXBuildFile; fileRef = D6C4A05413ECF4D2003E1BE6 /* DDNumber.h */; };
		D6C4A0BD13ECF4D2003E1BE6 /* DDNumber.m in Sources */ = {isa = PBXBuildFile; fileRef = D6C4A05513ECF4D2003E1BE6 /* DDNumber.m */; };
		D6C4A0BE13ECF4D2003E1BE6 /* DDRange.h in Headers */ = {isa = PBXBuildFile; fileRef = D6C4A05613ECF4D2003E1BE6 /* DDRange.h */; };
		D6C4A0BF13ECF4D2003E1BE6 /* DDRange.m in Sources */ = {isa = PBXBuildFile; fileRef = D6C4A05713ECF4D2003E1BE6 /* DDRange.m */; };
		D6C4A0C013ECF4D2003E1BE6 /* HTTPAuthenticationRequest.h in Headers */ = {isa = PBXBuildFile; fileRef = D6C4A05813ECF4D2003E1BE6 /* HTTPAuthenticationRequest.h */; };
		D6C4A0C113ECF4D2003E1BE6 /* HTTPAuthenticationRequest.m in Sources */ = {isa = PBXBuildFile; fileRef = D6C4A05913ECF4D2003E1BE6 /* HTTPAuthenticationRequest.m */; };
		D6C4A0C213ECF4D2003E1BE6 /* HTTPConnection.h in Headers */ = {isa = PBXBuildFile; fileRef = D6C4A05A13ECF4D2003E1BE6 /* HTTPConnection.h */; };
		D6C4A0C313ECF4D2003E1BE6 /* HTTPConnection.m in Sources */ = {isa = PBXBuildFile; fileRef = D6C4A05B13ECF4D2003E1BE6 /* HTTPConnection.m */; };
		D6C4A0C413ECF4D2003E1BE6 /* HTTPResponse.h in Headers */ = {isa = PBXBuildFile; fileRef = D6C4A05C13ECF4D2003E1BE6 /* HTTPResponse.h */; };
		D6C4A0C513ECF4D2003E1BE6 /* HTTPResponse.m in Sources */ = {isa = PBXBuildFile; fileRef = D6C4A05D13ECF4D2003E1BE6 /* HTTPResponse.m */; };
		D6C4A0C613ECF4D2003E1BE6 /* HTTPServer.h in Headers */ = {isa = PBXBuildFile; fileRef = D6C4A05E13ECF4D2003E1BE6 /* HTTPServer.h */; };
		D6C4A0C713ECF4D2003E1BE6 /* HTTPServer.m in Sources */ = {isa = PBXBuildFile; fileRef = D6C4A05F13ECF4D2003E1BE6 /* HTTPServer.m */; };
		D6C4A0C813ECF4D2003E1BE6 /* MyHTTPConnection.h in Headers */ = {isa = PBXBuildFile; fileRef = D6C4A06013ECF4D2003E1BE6 /* MyHTTPConnection.h */; };
		D6C4A0C913ECF4D2003E1BE6 /* MyHTTPConnection.m in Sources */ = {isa = PBXBuildFile; fileRef = D6C4A06113ECF4D2003E1BE6 /* MyHTTPConnection.m */; };
		D6C4A0CA13ECF4D2003E1BE6 /* JSON.h in Headers */ = {isa = PBXBuildFile; fileRef = D6C4A06313ECF4D2003E1BE6 /* JSON.h */; };
		D6C4A0CB13ECF4D2003E1BE6 /* NSObject+SBJSON.h in Headers */ = {isa = PBXBuildFile; fileRef = D6C4A06413ECF4D2003E1BE6 /* NSObject+SBJSON.h */; };
		D6C4A0CD13ECF4D2003E1BE6 /* NSString+SBJSON.h in Headers */ = {isa = PBXBuildFile; fileRef = D6C4A06613ECF4D2003E1BE6 /* NSString+SBJSON.h */; };
		D6C4A0CF13ECF4D2003E1BE6 /* SBJSON.h in Headers */ = {isa = PBXBuildFile; fileRef = D6C4A06813ECF4D2003E1BE6 /* SBJSON.h */; };
		D6C4A0D113ECF4D2003E1BE6 /* SBJsonBase.h in Headers */ = {isa = PBXBuildFile; fileRef = D6C4A06A13ECF4D2003E1BE6 /* SBJsonBase.h */; };
		D6C4A0D313ECF4D2003E1BE6 /* SBJsonParser.h in Headers */ = {isa = PBXBuildFile; fileRef = D6C4A06C13ECF4D2003E1BE6 /* SBJsonParser.h */; };
		D6C4A0D513ECF4D2003E1BE6 /* SBJsonWriter.h in Headers */ = {isa = PBXBuildFile; fileRef = D6C4A06E13ECF4D2003E1BE6 /* SBJsonWriter.h */; };
		D6C4A0D713ECF4D2003E1BE6 /* UIQueryScrollView.h in Headers */ = {isa = PBXBuildFile; fileRef = D6C4A07213ECF4D2003E1BE6 /* UIQueryScrollView.h */; };
		D6C4A0D813ECF4D2003E1BE6 /* UIQueryScrollView.m in Sources */ = {isa = PBXBuildFile; fileRef = D6C4A07313ECF4D2003E1BE6 /* UIQueryScrollView.m */; };
		D6C4A0D913ECF4D2003E1BE6 /* UIQuerySearchBar.h in Headers */ = {isa = PBXBuildFile; fileRef = D6C4A07413ECF4D2003E1BE6 /* UIQuerySearchBar.h */; };
		D6C4A0DA13ECF4D2003E1BE6 /* UIQuerySearchBar.m in Sources */ = {isa = PBXBuildFile; fileRef = D6C4A07513ECF4D2003E1BE6 /* UIQuerySearchBar.m */; };
		D6C4A0DB13ECF4D2003E1BE6 /* UIQuerySegmentedControl.h in Headers */ = {isa = PBXBuildFile; fileRef = D6C4A07613ECF4D2003E1BE6 /* UIQuerySegmentedControl.h */; };
		D6C4A0DC13ECF4D2003E1BE6 /* UIQuerySegmentedControl.m in Sources */ = {isa = PBXBuildFile; fileRef = D6C4A07713ECF4D2003E1BE6 /* UIQuerySegmentedControl.m */; };
		D6C4A0DD13ECF4D2003E1BE6 /* UIQueryTabBar.h in Headers */ = {isa = PBXBuildFile; fileRef = D6C4A07813ECF4D2003E1BE6 /* UIQueryTabBar.h */; };
		D6C4A0DE13ECF4D2003E1BE6 /* UIQueryTabBar.m in Sources */ = {isa = PBXBuildFile; fileRef = D6C4A07913ECF4D2003E1BE6 /* UIQueryTabBar.m */; };
		D6C4A0DF13ECF4D2003E1BE6 /* UIQueryTableView.h in Headers */ = {isa = PBXBuildFile; fileRef = D6C4A07A13ECF4D2003E1BE6 /* UIQueryTableView.h */; };
		D6C4A0E013ECF4D2003E1BE6 /* UIQueryTableView.m in Sources */ = {isa = PBXBuildFile; fileRef = D6C4A07B13ECF4D2003E1BE6 /* UIQueryTableView.m */; };
		D6C4A0E113ECF4D2003E1BE6 /* UIQueryTableViewCell.h in Headers */ = {isa = PBXBuildFile; fileRef = D6C4A07C13ECF4D2003E1BE6 /* UIQueryTableViewCell.h */; };
		D6C4A0E213ECF4D2003E1BE6 /* UIQueryTableViewCell.m in Sources */ = {isa = PBXBuildFile; fileRef = D6C4A07D13ECF4D2003E1BE6 /* UIQueryTableViewCell.m */; };
		D6C4A0E313ECF4D2003E1BE6 /* UIQueryWebView.h in Headers */ = {isa = PBXBuildFile; fileRef = D6C4A07E13ECF4D2003E1BE6 /* UIQueryWebView.h */; };
		D6C4A0E413ECF4D2003E1BE6 /* UIQueryWebView.m in Sources */ = {isa = PBXBuildFile; fileRef = D6C4A07F13ECF4D2003E1BE6 /* UIQueryWebView.m */; };
		D6C4A0E513ECF4D2003E1BE6 /* Recordable.h in Headers */ = {isa = PBXBuildFile; fileRef = D6C4A08113ECF4D2003E1BE6 /* Recordable.h */; };
		D6C4A0E613ECF4D2003E1BE6 /* Recordable.m in Sources */ = {isa = PBXBuildFile; fileRef = D6C4A08213ECF4D2003E1BE6 /* Recordable.m */; };
		D6C4A0E713ECF4D2003E1BE6 /* UIChildren.h in Headers */ = {isa = PBXBuildFile; fileRef = D6C4A08313ECF4D2003E1BE6 /* UIChildren.h */; };
		D6C4A0E813ECF4D2003E1BE6 /* UIChildren.m in Sources */ = {isa = PBXBuildFile; fileRef = D6C4A08413ECF4D2003E1BE6 /* UIChildren.m */; };
		D6C4A0E913ECF4D2003E1BE6 /* UIConsoleLog.h in Headers */ = {isa = PBXBuildFile; fileRef = D6C4A08513ECF4D2003E1BE6 /* UIConsoleLog.h */; };
		D6C4A0EA13ECF4D2003E1BE6 /* UIConsoleLog.m in Sources */ = {isa = PBXBuildFile; fileRef = D6C4A08613ECF4D2003E1BE6 /* UIConsoleLog.m */; };
		D6C4A0EB13ECF4D2003E1BE6 /* UIDescendants.h in Headers */ = {isa = PBXBuildFile; fileRef = D6C4A08713ECF4D2003E1BE6 /* UIDescendants.h */; };
		D6C4A0EC13ECF4D2003E1BE6 /* UIDescendants.m in Sources */ = {isa = PBXBuildFile; fileRef = D6C4A08813ECF4D2003E1BE6 /* UIDescendants.m */; };
		D6C4A0ED13ECF4D2003E1BE6 /* UIExpectation.h in Headers */ = {isa = PBXBuildFile; fileRef = D6C4A08913ECF4D2003E1BE6 /* UIExpectation.h */; };
		D6C4A0EE13ECF4D2003E1BE6 /* UIExpectation.m in Sources */ = {isa = PBXBuildFile; fileRef = D6C4A08A13ECF4D2003E1BE6 /* UIExpectation.m */; };
		D6C4A0EF13ECF4D2003E1BE6 /* UIFilter.h in Headers */ = {isa = PBXBuildFile; fileRef = D6C4A08B13ECF4D2003E1BE6 /* UIFilter.h */; };
		D6C4A0F013ECF4D2003E1BE6 /* UIFilter.m in Sources */ = {isa = PBXBuildFile; fileRef = D6C4A08C13ECF4D2003E1BE6 /* UIFilter.m */; };
		D6C4A0F113ECF4D2003E1BE6 /* UILog.h in Headers */ = {isa = PBXBuildFile; fileRef = D6C4A08D13ECF4D2003E1BE6 /* UILog.h */; };
		D6C4A0F213ECF4D2003E1BE6 /* UIMatcher.h in Headers */ = {isa = PBXBuildFile; fileRef = D6C4A08E13ECF4D2003E1BE6 /* UIMatcher.h */; };
		D6C4A0F313ECF4D2003E1BE6 /* UIMatcher.m in Sources */ = {isa = PBXBuildFile; fileRef = D6C4A08F13ECF4D2003E1BE6 /* UIMatcher.m */; };
		D6C4A0F413ECF4D2003E1BE6 /* UIParents.h in Headers */ = {isa = PBXBuildFile; fileRef = D6C4A09013ECF4D2003E1BE6 /* UIParents.h */; };
		D6C4A0F513ECF4D2003E1BE6 /* UIParents.m in Sources */ = {isa = PBXBuildFile; fileRef = D6C4A09113ECF4D2003E1BE6 /* UIParents.m */; };
		D6C4A0F613ECF4D2003E1BE6 /* UIQuery.h in Headers */ = {isa = PBXBuildFile; fileRef = D6C4A09213ECF4D2003E1BE6 /* UIQuery.h */; };
		D6C4A0F713ECF4D2003E1BE6 /* UIQuery.m in Sources */ = {isa = PBXBuildFile; fileRef = D6C4A09313ECF4D2003E1BE6 /* UIQuery.m */; };
		D6C4A0F813ECF4D2003E1BE6 /* UIQueryAll.h in Headers */ = {isa = PBXBuildFile; fileRef = D6C4A09413ECF4D2003E1BE6 /* UIQueryAll.h */; };
		D6C4A0F913ECF4D2003E1BE6 /* UIQueryAll.m in Sources */ = {isa = PBXBuildFile; fileRef = D6C4A09513ECF4D2003E1BE6 /* UIQueryAll.m */; };
		D6C4A0FA13ECF4D2003E1BE6 /* UIQueryExpectation.h in Headers */ = {isa = PBXBuildFile; fileRef = D6C4A09613ECF4D2003E1BE6 /* UIQueryExpectation.h */; };
		D6C4A0FB13ECF4D2003E1BE6 /* UIQueryExpectation.m in Sources */ = {isa = PBXBuildFile; fileRef = D6C4A09713ECF4D2003E1BE6 /* UIQueryExpectation.m */; };
		D6C4A0FC13ECF4D2003E1BE6 /* UIRedoer.h in Headers */ = {isa = PBXBuildFile; fileRef = D6C4A09813ECF4D2003E1BE6 /* UIRedoer.h */; };
		D6C4A0FD13ECF4D2003E1BE6 /* UIRedoer.m in Sources */ = {isa = PBXBuildFile; fileRef = D6C4A09913ECF4D2003E1BE6 /* UIRedoer.m */; };
		D6C4A0FE13ECF4D2003E1BE6 /* UISwizzle.h in Headers */ = {isa = PBXBuildFile; fileRef = D6C4A09A13ECF4D2003E1BE6 /* UISwizzle.h */; };
		D6C4A0FF13ECF4D2003E1BE6 /* UISwizzle.m in Sources */ = {isa = PBXBuildFile; fileRef = D6C4A09B13ECF4D2003E1BE6 /* UISwizzle.m */; };
		D6C4A10013ECF4D2003E1BE6 /* UITraversal.h in Headers */ = {isa = PBXBuildFile; fileRef = D6C4A09C13ECF4D2003E1BE6 /* UITraversal.h */; };
		D6C4A10113ECF4D2003E1BE6 /* UITraversal.m in Sources */ = {isa = PBXBuildFile; fileRef = D6C4A09D13ECF4D2003E1BE6 /* UITraversal.m */; };
		D6C4A10213ECF4D2003E1BE6 /* ViewFilterSwizzler.h in Headers */ = {isa = PBXBuildFile; fileRef = D6C4A09E13ECF4D2003E1BE6 /* ViewFilterSwizzler.h */; };
		D6C4A10313ECF4D2003E1BE6 /* ViewFilterSwizzler.m in Sources */ = {isa = PBXBuildFile; fileRef = D6C4A09F13ECF4D2003E1BE6 /* ViewFilterSwizzler.m */; };
		D6C4A10413ECF4D2003E1BE6 /* VisibleTouch.h in Headers */ = {isa = PBXBuildFile; fileRef = D6C4A0A013ECF4D2003E1BE6 /* VisibleTouch.h */; };
		D6C4A10513ECF4D2003E1BE6 /* VisibleTouch.m in Sources */ = {isa = PBXBuildFile; fileRef = D6C4A0A113ECF4D2003E1BE6 /* VisibleTouch.m */; };
		D6C4A10613ECF4D2003E1BE6 /* UISpec.bundle in Resources */ = {isa = PBXBuildFile; fileRef = D6C4A0A213ECF4D2003E1BE6 /* UISpec.bundle */; };
		D6C4A10713ECF4D2003E1BE6 /* UISpec.h in Headers */ = {isa = PBXBuildFile; fileRef = D6C4A0A313ECF4D2003E1BE6 /* UISpec.h */; };
		D6C4A10813ECF4D2003E1BE6 /* UISpec.m in Sources */ = {isa = PBXBuildFile; fileRef = D6C4A0A413ECF4D2003E1BE6 /* UISpec.m */; };
		D6C4A10913ECF4D2003E1BE6 /* update_from_github.rb in Resources */ = {isa = PBXBuildFile; fileRef = D6C4A0A513ECF4D2003E1BE6 /* update_from_github.rb */; };
		D6C4A10A13ECF4D2003E1BE6 /* update_from_svn.rb in Resources */ = {isa = PBXBuildFile; fileRef = D6C4A0A613ECF4D2003E1BE6 /* update_from_svn.rb */; };
		D6C4A10B13ECF4D2003E1BE6 /* CallCache.h in Headers */ = {isa = PBXBuildFile; fileRef = D6C4A0A813ECF4D2003E1BE6 /* CallCache.h */; };
		D6C4A10C13ECF4D2003E1BE6 /* CallCache.m in Sources */ = {isa = PBXBuildFile; fileRef = D6C4A0A913ECF4D2003E1BE6 /* CallCache.m */; };
		D6C4A10D13ECF4D2003E1BE6 /* NSNumberCreator.h in Headers */ = {isa = PBXBuildFile; fileRef = D6C4A0AA13ECF4D2003E1BE6 /* NSNumberCreator.h */; };
		D6C4A10E13ECF4D2003E1BE6 /* NSNumberCreator.m in Sources */ = {isa = PBXBuildFile; fileRef = D6C4A0AB13ECF4D2003E1BE6 /* NSNumberCreator.m */; };
		D6C4A10F13ECF4D2003E1BE6 /* ReturnCacher.h in Headers */ = {isa = PBXBuildFile; fileRef = D6C4A0AC13ECF4D2003E1BE6 /* ReturnCacher.h */; };
		D6C4A11013ECF4D2003E1BE6 /* ReturnCacher.m in Sources */ = {isa = PBXBuildFile; fileRef = D6C4A0AD13ECF4D2003E1BE6 /* ReturnCacher.m */; };
		D6C4A11113ECF4D2003E1BE6 /* UIBug.h in Headers */ = {isa = PBXBuildFile; fileRef = D6C4A0AE13ECF4D2003E1BE6 /* UIBug.h */; };
		D6C4A11213ECF4D2003E1BE6 /* UIBug.m in Sources */ = {isa = PBXBuildFile; fileRef = D6C4A0AF13ECF4D2003E1BE6 /* UIBug.m */; };
		D6C4A11313ECF4D2003E1BE6 /* UIConsole.h in Headers */ = {isa = PBXBuildFile; fileRef = D6C4A0B013ECF4D2003E1BE6 /* UIConsole.h */; };
		D6C4A11413ECF4D2003E1BE6 /* UIConsole.m in Sources */ = {isa = PBXBuildFile; fileRef = D6C4A0B113ECF4D2003E1BE6 /* UIConsole.m */; };
		D6C4A11513ECF4D2003E1BE6 /* UIInspector.h in Headers */ = {isa = PBXBuildFile; fileRef = D6C4A0B213ECF4D2003E1BE6 /* UIInspector.h */; };
		D6C4A11613ECF4D2003E1BE6 /* UIInspector.m in Sources */ = {isa = PBXBuildFile; fileRef = D6C4A0B313ECF4D2003E1BE6 /* UIInspector.m */; };
		D6C4A11713ECF4D2003E1BE6 /* UIProxy.h in Headers */ = {isa = PBXBuildFile; fileRef = D6C4A0B413ECF4D2003E1BE6 /* UIProxy.h */; };
		D6C4A11813ECF4D2003E1BE6 /* UIProxy.m in Sources */ = {isa = PBXBuildFile; fileRef = D6C4A0B513ECF4D2003E1BE6 /* UIProxy.m */; };
		D6C4A11913ECF4D2003E1BE6 /* WaitUntilIdle.h in Headers */ = {isa = PBXBuildFile; fileRef = D6C4A0B613ECF4D2003E1BE6 /* WaitUntilIdle.h */; };
		D6C4A11A13ECF4D2003E1BE6 /* WaitUntilIdle.m in Sources */ = {isa = PBXBuildFile; fileRef = D6C4A0B713ECF4D2003E1BE6 /* WaitUntilIdle.m */; };
		D6C4A13513ECF534003E1BE6 /* AccessibilityCheckCommand.h in Headers */ = {isa = PBXBuildFile; fileRef = D6C4A11D13ECF534003E1BE6 /* AccessibilityCheckCommand.h */; };
		D6C4A13613ECF534003E1BE6 /* AccessibilityCheckCommand.m in Sources */ = {isa = PBXBuildFile; fileRef = D6C4A11E13ECF534003E1BE6 /* AccessibilityCheckCommand.m */; };
		D6C4A13713ECF534003E1BE6 /* AppCommand.h in Headers */ = {isa = PBXBuildFile; fileRef = D6C4A11F13ECF534003E1BE6 /* AppCommand.h */; };
		D6C4A13813ECF534003E1BE6 /* AppCommand.m in Sources */ = {isa = PBXBuildFile; fileRef = D6C4A12013ECF534003E1BE6 /* AppCommand.m */; };
		D6C4A13913ECF534003E1BE6 /* DumpCommand.h in Headers */ = {isa = PBXBuildFile; fileRef = D6C4A12113ECF534003E1BE6 /* DumpCommand.h */; };
		D6C4A13A13ECF534003E1BE6 /* DumpCommand.m in Sources */ = {isa = PBXBuildFile; fileRef = D6C4A12213ECF534003E1BE6 /* DumpCommand.m */; };
		D6C4A13B13ECF534003E1BE6 /* FrankCommandRoute.h in Headers */ = {isa = PBXBuildFile; fileRef = D6C4A12313ECF534003E1BE6 /* FrankCommandRoute.h */; };
		D6C4A13C13ECF534003E1BE6 /* FrankCommandRoute.m in Sources */ = {isa = PBXBuildFile; fileRef = D6C4A12413ECF534003E1BE6 /* FrankCommandRoute.m */; };
		D6C4A13D13ECF534003E1BE6 /* FrankServer.h in Headers */ = {isa = PBXBuildFile; fileRef = D6C4A12513ECF534003E1BE6 /* FrankServer.h */; settings = {ATTRIBUTES = (Public, ); }; };
		D6C4A13E13ECF534003E1BE6 /* FrankServer.m in Sources */ = {isa = PBXBuildFile; fileRef = D6C4A12613ECF534003E1BE6 /* FrankServer.m */; };
		D6C4A13F13ECF534003E1BE6 /* MapOperationCommand.h in Headers */ = {isa = PBXBuildFile; fileRef = D6C4A12713ECF534003E1BE6 /* MapOperationCommand.h */; };
		D6C4A14013ECF534003E1BE6 /* MapOperationCommand.m in Sources */ = {isa = PBXBuildFile; fileRef = D6C4A12813ECF534003E1BE6 /* MapOperationCommand.m */; };
		D6C4A14113ECF534003E1BE6 /* Operation.h in Headers */ = {isa = PBXBuildFile; fileRef = D6C4A12913ECF534003E1BE6 /* Operation.h */; };
		D6C4A14213ECF534003E1BE6 /* Operation.m in Sources */ = {isa = PBXBuildFile; fileRef = D6C4A12A13ECF534003E1BE6 /* Operation.m */; };
		D6C4A14313ECF534003E1BE6 /* OrientationCommand.h in Headers */ = {isa = PBXBuildFile; fileRef = D6C4A12B13ECF534003E1BE6 /* OrientationCommand.h */; };
		D6C4A14413ECF534003E1BE6 /* OrientationCommand.m in Sources */ = {isa = PBXBuildFile; fileRef = D6C4A12C13ECF534003E1BE6 /* OrientationCommand.m */; };
		D6C4A14513ECF534003E1BE6 /* RequestRouter.h in Headers */ = {isa = PBXBuildFile; fileRef = D6C4A12D13ECF534003E1BE6 /* RequestRouter.h */; };
		D6C4A14613ECF534003E1BE6 /* RequestRouter.m in Sources */ = {isa = PBXBuildFile; fileRef = D6C4A12E13ECF534003E1BE6 /* RequestRouter.m */; };
		D6C4A14713ECF534003E1BE6 /* RoutingHTTPConnection.h in Headers */ = {isa = PBXBuildFile; fileRef = D6C4A12F13ECF534003E1BE6 /* RoutingHTTPConnection.h */; };
		D6C4A14813ECF534003E1BE6 /* RoutingHTTPConnection.m in Sources */ = {isa = PBXBuildFile; fileRef = D6C4A13013ECF534003E1BE6 /* RoutingHTTPConnection.m */; };
		D6C4A14913ECF534003E1BE6 /* StaticResourcesRoute.h in Headers */ = {isa = PBXBuildFile; fileRef = D6C4A13113ECF534003E1BE6 /* StaticResourcesRoute.h */; };
		D6C4A14A13ECF534003E1BE6 /* StaticResourcesRoute.m in Sources */ = {isa = PBXBuildFile; fileRef = D6C4A13213ECF534003E1BE6 /* StaticResourcesRoute.m */; };
		D6C4A14B13ECF534003E1BE6 /* UISpecCommandReceiver.h in Headers */ = {isa = PBXBuildFile; fileRef = D6C4A13313ECF534003E1BE6 /* UISpecCommandReceiver.h */; };
		D6C4A14C13ECF534003E1BE6 /* UISpecCommandReceiver.m in Sources */ = {isa = PBXBuildFile; fileRef = D6C4A13413ECF534003E1BE6 /* UISpecCommandReceiver.m */; };
		D6C4A14E13ECF54A003E1BE6 /* frank_static_resources.bundle in Resources */ = {isa = PBXBuildFile; fileRef = D6C4A14D13ECF54A003E1BE6 /* frank_static_resources.bundle */; };
/* End PBXBuildFile section */

/* Begin PBXFileReference section */
		D6C4A03B13ECF48F003E1BE6 /* Frank.framework */ = {isa = PBXFileReference; explicitFileType = wrapper.cfbundle; includeInIndex = 0; path = Frank.framework; sourceTree = BUILT_PRODUCTS_DIR; };
		D6C4A04113ECF48F003E1BE6 /* FrankFramework-Info.plist */ = {isa = PBXFileReference; lastKnownFileType = text.plist.xml; path = "FrankFramework-Info.plist"; sourceTree = "<group>"; };
		D6C4A04313ECF48F003E1BE6 /* en */ = {isa = PBXFileReference; lastKnownFileType = text.plist.strings; name = en; path = en.lproj/InfoPlist.strings; sourceTree = "<group>"; };
		D6C4A04513ECF48F003E1BE6 /* FrankFramework-Prefix.pch */ = {isa = PBXFileReference; lastKnownFileType = sourcecode.c.h; path = "FrankFramework-Prefix.pch"; sourceTree = "<group>"; };
		D6C4A05013ECF4D2003E1BE6 /* AsyncSocket.h */ = {isa = PBXFileReference; fileEncoding = 4; lastKnownFileType = sourcecode.c.h; path = AsyncSocket.h; sourceTree = "<group>"; };
		D6C4A05113ECF4D2003E1BE6 /* AsyncSocket.m */ = {isa = PBXFileReference; fileEncoding = 4; lastKnownFileType = sourcecode.c.objc; path = AsyncSocket.m; sourceTree = "<group>"; };
		D6C4A05213ECF4D2003E1BE6 /* DDData.h */ = {isa = PBXFileReference; fileEncoding = 4; lastKnownFileType = sourcecode.c.h; path = DDData.h; sourceTree = "<group>"; };
		D6C4A05313ECF4D2003E1BE6 /* DDData.m */ = {isa = PBXFileReference; fileEncoding = 4; lastKnownFileType = sourcecode.c.objc; path = DDData.m; sourceTree = "<group>"; };
		D6C4A05413ECF4D2003E1BE6 /* DDNumber.h */ = {isa = PBXFileReference; fileEncoding = 4; lastKnownFileType = sourcecode.c.h; path = DDNumber.h; sourceTree = "<group>"; };
		D6C4A05513ECF4D2003E1BE6 /* DDNumber.m */ = {isa = PBXFileReference; fileEncoding = 4; lastKnownFileType = sourcecode.c.objc; path = DDNumber.m; sourceTree = "<group>"; };
		D6C4A05613ECF4D2003E1BE6 /* DDRange.h */ = {isa = PBXFileReference; fileEncoding = 4; lastKnownFileType = sourcecode.c.h; path = DDRange.h; sourceTree = "<group>"; };
		D6C4A05713ECF4D2003E1BE6 /* DDRange.m */ = {isa = PBXFileReference; fileEncoding = 4; lastKnownFileType = sourcecode.c.objc; path = DDRange.m; sourceTree = "<group>"; };
		D6C4A05813ECF4D2003E1BE6 /* HTTPAuthenticationRequest.h */ = {isa = PBXFileReference; fileEncoding = 4; lastKnownFileType = sourcecode.c.h; path = HTTPAuthenticationRequest.h; sourceTree = "<group>"; };
		D6C4A05913ECF4D2003E1BE6 /* HTTPAuthenticationRequest.m */ = {isa = PBXFileReference; fileEncoding = 4; lastKnownFileType = sourcecode.c.objc; path = HTTPAuthenticationRequest.m; sourceTree = "<group>"; };
		D6C4A05A13ECF4D2003E1BE6 /* HTTPConnection.h */ = {isa = PBXFileReference; fileEncoding = 4; lastKnownFileType = sourcecode.c.h; path = HTTPConnection.h; sourceTree = "<group>"; };
		D6C4A05B13ECF4D2003E1BE6 /* HTTPConnection.m */ = {isa = PBXFileReference; fileEncoding = 4; lastKnownFileType = sourcecode.c.objc; path = HTTPConnection.m; sourceTree = "<group>"; };
		D6C4A05C13ECF4D2003E1BE6 /* HTTPResponse.h */ = {isa = PBXFileReference; fileEncoding = 4; lastKnownFileType = sourcecode.c.h; path = HTTPResponse.h; sourceTree = "<group>"; };
		D6C4A05D13ECF4D2003E1BE6 /* HTTPResponse.m */ = {isa = PBXFileReference; fileEncoding = 4; lastKnownFileType = sourcecode.c.objc; path = HTTPResponse.m; sourceTree = "<group>"; };
		D6C4A05E13ECF4D2003E1BE6 /* HTTPServer.h */ = {isa = PBXFileReference; fileEncoding = 4; lastKnownFileType = sourcecode.c.h; path = HTTPServer.h; sourceTree = "<group>"; };
		D6C4A05F13ECF4D2003E1BE6 /* HTTPServer.m */ = {isa = PBXFileReference; fileEncoding = 4; lastKnownFileType = sourcecode.c.objc; path = HTTPServer.m; sourceTree = "<group>"; };
		D6C4A06013ECF4D2003E1BE6 /* MyHTTPConnection.h */ = {isa = PBXFileReference; fileEncoding = 4; lastKnownFileType = sourcecode.c.h; path = MyHTTPConnection.h; sourceTree = "<group>"; };
		D6C4A06113ECF4D2003E1BE6 /* MyHTTPConnection.m */ = {isa = PBXFileReference; fileEncoding = 4; lastKnownFileType = sourcecode.c.objc; path = MyHTTPConnection.m; sourceTree = "<group>"; };
		D6C4A06313ECF4D2003E1BE6 /* JSON.h */ = {isa = PBXFileReference; fileEncoding = 4; lastKnownFileType = sourcecode.c.h; path = JSON.h; sourceTree = "<group>"; };
		D6C4A06413ECF4D2003E1BE6 /* NSObject+SBJSON.h */ = {isa = PBXFileReference; fileEncoding = 4; lastKnownFileType = sourcecode.c.h; path = "NSObject+SBJSON.h"; sourceTree = "<group>"; };
		D6C4A06613ECF4D2003E1BE6 /* NSString+SBJSON.h */ = {isa = PBXFileReference; fileEncoding = 4; lastKnownFileType = sourcecode.c.h; path = "NSString+SBJSON.h"; sourceTree = "<group>"; };
		D6C4A06813ECF4D2003E1BE6 /* SBJSON.h */ = {isa = PBXFileReference; fileEncoding = 4; lastKnownFileType = sourcecode.c.h; path = SBJSON.h; sourceTree = "<group>"; };
		D6C4A06A13ECF4D2003E1BE6 /* SBJsonBase.h */ = {isa = PBXFileReference; fileEncoding = 4; lastKnownFileType = sourcecode.c.h; path = SBJsonBase.h; sourceTree = "<group>"; };
		D6C4A06C13ECF4D2003E1BE6 /* SBJsonParser.h */ = {isa = PBXFileReference; fileEncoding = 4; lastKnownFileType = sourcecode.c.h; path = SBJsonParser.h; sourceTree = "<group>"; };
		D6C4A06E13ECF4D2003E1BE6 /* SBJsonWriter.h */ = {isa = PBXFileReference; fileEncoding = 4; lastKnownFileType = sourcecode.c.h; path = SBJsonWriter.h; sourceTree = "<group>"; };
		D6C4A07213ECF4D2003E1BE6 /* UIQueryScrollView.h */ = {isa = PBXFileReference; fileEncoding = 4; lastKnownFileType = sourcecode.c.h; path = UIQueryScrollView.h; sourceTree = "<group>"; };
		D6C4A07313ECF4D2003E1BE6 /* UIQueryScrollView.m */ = {isa = PBXFileReference; fileEncoding = 4; lastKnownFileType = sourcecode.c.objc; path = UIQueryScrollView.m; sourceTree = "<group>"; };
		D6C4A07413ECF4D2003E1BE6 /* UIQuerySearchBar.h */ = {isa = PBXFileReference; fileEncoding = 4; lastKnownFileType = sourcecode.c.h; path = UIQuerySearchBar.h; sourceTree = "<group>"; };
		D6C4A07513ECF4D2003E1BE6 /* UIQuerySearchBar.m */ = {isa = PBXFileReference; fileEncoding = 4; lastKnownFileType = sourcecode.c.objc; path = UIQuerySearchBar.m; sourceTree = "<group>"; };
		D6C4A07613ECF4D2003E1BE6 /* UIQuerySegmentedControl.h */ = {isa = PBXFileReference; fileEncoding = 4; lastKnownFileType = sourcecode.c.h; path = UIQuerySegmentedControl.h; sourceTree = "<group>"; };
		D6C4A07713ECF4D2003E1BE6 /* UIQuerySegmentedControl.m */ = {isa = PBXFileReference; fileEncoding = 4; lastKnownFileType = sourcecode.c.objc; path = UIQuerySegmentedControl.m; sourceTree = "<group>"; };
		D6C4A07813ECF4D2003E1BE6 /* UIQueryTabBar.h */ = {isa = PBXFileReference; fileEncoding = 4; lastKnownFileType = sourcecode.c.h; path = UIQueryTabBar.h; sourceTree = "<group>"; };
		D6C4A07913ECF4D2003E1BE6 /* UIQueryTabBar.m */ = {isa = PBXFileReference; fileEncoding = 4; lastKnownFileType = sourcecode.c.objc; path = UIQueryTabBar.m; sourceTree = "<group>"; };
		D6C4A07A13ECF4D2003E1BE6 /* UIQueryTableView.h */ = {isa = PBXFileReference; fileEncoding = 4; lastKnownFileType = sourcecode.c.h; path = UIQueryTableView.h; sourceTree = "<group>"; };
		D6C4A07B13ECF4D2003E1BE6 /* UIQueryTableView.m */ = {isa = PBXFileReference; fileEncoding = 4; lastKnownFileType = sourcecode.c.objc; path = UIQueryTableView.m; sourceTree = "<group>"; };
		D6C4A07C13ECF4D2003E1BE6 /* UIQueryTableViewCell.h */ = {isa = PBXFileReference; fileEncoding = 4; lastKnownFileType = sourcecode.c.h; path = UIQueryTableViewCell.h; sourceTree = "<group>"; };
		D6C4A07D13ECF4D2003E1BE6 /* UIQueryTableViewCell.m */ = {isa = PBXFileReference; fileEncoding = 4; lastKnownFileType = sourcecode.c.objc; path = UIQueryTableViewCell.m; sourceTree = "<group>"; };
		D6C4A07E13ECF4D2003E1BE6 /* UIQueryWebView.h */ = {isa = PBXFileReference; fileEncoding = 4; lastKnownFileType = sourcecode.c.h; path = UIQueryWebView.h; sourceTree = "<group>"; };
		D6C4A07F13ECF4D2003E1BE6 /* UIQueryWebView.m */ = {isa = PBXFileReference; fileEncoding = 4; lastKnownFileType = sourcecode.c.objc; path = UIQueryWebView.m; sourceTree = "<group>"; };
		D6C4A08113ECF4D2003E1BE6 /* Recordable.h */ = {isa = PBXFileReference; fileEncoding = 4; lastKnownFileType = sourcecode.c.h; path = Recordable.h; sourceTree = "<group>"; };
		D6C4A08213ECF4D2003E1BE6 /* Recordable.m */ = {isa = PBXFileReference; fileEncoding = 4; lastKnownFileType = sourcecode.c.objc; path = Recordable.m; sourceTree = "<group>"; };
		D6C4A08313ECF4D2003E1BE6 /* UIChildren.h */ = {isa = PBXFileReference; fileEncoding = 4; lastKnownFileType = sourcecode.c.h; path = UIChildren.h; sourceTree = "<group>"; };
		D6C4A08413ECF4D2003E1BE6 /* UIChildren.m */ = {isa = PBXFileReference; fileEncoding = 4; lastKnownFileType = sourcecode.c.objc; path = UIChildren.m; sourceTree = "<group>"; };
		D6C4A08513ECF4D2003E1BE6 /* UIConsoleLog.h */ = {isa = PBXFileReference; fileEncoding = 4; lastKnownFileType = sourcecode.c.h; path = UIConsoleLog.h; sourceTree = "<group>"; };
		D6C4A08613ECF4D2003E1BE6 /* UIConsoleLog.m */ = {isa = PBXFileReference; fileEncoding = 4; lastKnownFileType = sourcecode.c.objc; path = UIConsoleLog.m; sourceTree = "<group>"; };
		D6C4A08713ECF4D2003E1BE6 /* UIDescendants.h */ = {isa = PBXFileReference; fileEncoding = 4; lastKnownFileType = sourcecode.c.h; path = UIDescendants.h; sourceTree = "<group>"; };
		D6C4A08813ECF4D2003E1BE6 /* UIDescendants.m */ = {isa = PBXFileReference; fileEncoding = 4; lastKnownFileType = sourcecode.c.objc; path = UIDescendants.m; sourceTree = "<group>"; };
		D6C4A08913ECF4D2003E1BE6 /* UIExpectation.h */ = {isa = PBXFileReference; fileEncoding = 4; lastKnownFileType = sourcecode.c.h; path = UIExpectation.h; sourceTree = "<group>"; };
		D6C4A08A13ECF4D2003E1BE6 /* UIExpectation.m */ = {isa = PBXFileReference; fileEncoding = 4; lastKnownFileType = sourcecode.c.objc; path = UIExpectation.m; sourceTree = "<group>"; };
		D6C4A08B13ECF4D2003E1BE6 /* UIFilter.h */ = {isa = PBXFileReference; fileEncoding = 4; lastKnownFileType = sourcecode.c.h; path = UIFilter.h; sourceTree = "<group>"; };
		D6C4A08C13ECF4D2003E1BE6 /* UIFilter.m */ = {isa = PBXFileReference; fileEncoding = 4; lastKnownFileType = sourcecode.c.objc; path = UIFilter.m; sourceTree = "<group>"; };
		D6C4A08D13ECF4D2003E1BE6 /* UILog.h */ = {isa = PBXFileReference; fileEncoding = 4; lastKnownFileType = sourcecode.c.h; path = UILog.h; sourceTree = "<group>"; };
		D6C4A08E13ECF4D2003E1BE6 /* UIMatcher.h */ = {isa = PBXFileReference; fileEncoding = 4; lastKnownFileType = sourcecode.c.h; path = UIMatcher.h; sourceTree = "<group>"; };
		D6C4A08F13ECF4D2003E1BE6 /* UIMatcher.m */ = {isa = PBXFileReference; fileEncoding = 4; lastKnownFileType = sourcecode.c.objc; path = UIMatcher.m; sourceTree = "<group>"; };
		D6C4A09013ECF4D2003E1BE6 /* UIParents.h */ = {isa = PBXFileReference; fileEncoding = 4; lastKnownFileType = sourcecode.c.h; path = UIParents.h; sourceTree = "<group>"; };
		D6C4A09113ECF4D2003E1BE6 /* UIParents.m */ = {isa = PBXFileReference; fileEncoding = 4; lastKnownFileType = sourcecode.c.objc; path = UIParents.m; sourceTree = "<group>"; };
		D6C4A09213ECF4D2003E1BE6 /* UIQuery.h */ = {isa = PBXFileReference; fileEncoding = 4; lastKnownFileType = sourcecode.c.h; path = UIQuery.h; sourceTree = "<group>"; };
		D6C4A09313ECF4D2003E1BE6 /* UIQuery.m */ = {isa = PBXFileReference; fileEncoding = 4; lastKnownFileType = sourcecode.c.objc; path = UIQuery.m; sourceTree = "<group>"; };
		D6C4A09413ECF4D2003E1BE6 /* UIQueryAll.h */ = {isa = PBXFileReference; fileEncoding = 4; lastKnownFileType = sourcecode.c.h; path = UIQueryAll.h; sourceTree = "<group>"; };
		D6C4A09513ECF4D2003E1BE6 /* UIQueryAll.m */ = {isa = PBXFileReference; fileEncoding = 4; lastKnownFileType = sourcecode.c.objc; path = UIQueryAll.m; sourceTree = "<group>"; };
		D6C4A09613ECF4D2003E1BE6 /* UIQueryExpectation.h */ = {isa = PBXFileReference; fileEncoding = 4; lastKnownFileType = sourcecode.c.h; path = UIQueryExpectation.h; sourceTree = "<group>"; };
		D6C4A09713ECF4D2003E1BE6 /* UIQueryExpectation.m */ = {isa = PBXFileReference; fileEncoding = 4; lastKnownFileType = sourcecode.c.objc; path = UIQueryExpectation.m; sourceTree = "<group>"; };
		D6C4A09813ECF4D2003E1BE6 /* UIRedoer.h */ = {isa = PBXFileReference; fileEncoding = 4; lastKnownFileType = sourcecode.c.h; path = UIRedoer.h; sourceTree = "<group>"; };
		D6C4A09913ECF4D2003E1BE6 /* UIRedoer.m */ = {isa = PBXFileReference; fileEncoding = 4; lastKnownFileType = sourcecode.c.objc; path = UIRedoer.m; sourceTree = "<group>"; };
		D6C4A09A13ECF4D2003E1BE6 /* UISwizzle.h */ = {isa = PBXFileReference; fileEncoding = 4; lastKnownFileType = sourcecode.c.h; path = UISwizzle.h; sourceTree = "<group>"; };
		D6C4A09B13ECF4D2003E1BE6 /* UISwizzle.m */ = {isa = PBXFileReference; fileEncoding = 4; lastKnownFileType = sourcecode.c.objc; path = UISwizzle.m; sourceTree = "<group>"; };
		D6C4A09C13ECF4D2003E1BE6 /* UITraversal.h */ = {isa = PBXFileReference; fileEncoding = 4; lastKnownFileType = sourcecode.c.h; path = UITraversal.h; sourceTree = "<group>"; };
		D6C4A09D13ECF4D2003E1BE6 /* UITraversal.m */ = {isa = PBXFileReference; fileEncoding = 4; lastKnownFileType = sourcecode.c.objc; path = UITraversal.m; sourceTree = "<group>"; };
		D6C4A09E13ECF4D2003E1BE6 /* ViewFilterSwizzler.h */ = {isa = PBXFileReference; fileEncoding = 4; lastKnownFileType = sourcecode.c.h; path = ViewFilterSwizzler.h; sourceTree = "<group>"; };
		D6C4A09F13ECF4D2003E1BE6 /* ViewFilterSwizzler.m */ = {isa = PBXFileReference; fileEncoding = 4; lastKnownFileType = sourcecode.c.objc; path = ViewFilterSwizzler.m; sourceTree = "<group>"; };
		D6C4A0A013ECF4D2003E1BE6 /* VisibleTouch.h */ = {isa = PBXFileReference; fileEncoding = 4; lastKnownFileType = sourcecode.c.h; path = VisibleTouch.h; sourceTree = "<group>"; };
		D6C4A0A113ECF4D2003E1BE6 /* VisibleTouch.m */ = {isa = PBXFileReference; fileEncoding = 4; lastKnownFileType = sourcecode.c.objc; path = VisibleTouch.m; sourceTree = "<group>"; };
		D6C4A0A213ECF4D2003E1BE6 /* UISpec.bundle */ = {isa = PBXFileReference; lastKnownFileType = "wrapper.plug-in"; path = UISpec.bundle; sourceTree = "<group>"; };
		D6C4A0A313ECF4D2003E1BE6 /* UISpec.h */ = {isa = PBXFileReference; fileEncoding = 4; lastKnownFileType = sourcecode.c.h; path = UISpec.h; sourceTree = "<group>"; };
		D6C4A0A413ECF4D2003E1BE6 /* UISpec.m */ = {isa = PBXFileReference; fileEncoding = 4; lastKnownFileType = sourcecode.c.objc; path = UISpec.m; sourceTree = "<group>"; };
		D6C4A0A513ECF4D2003E1BE6 /* update_from_github.rb */ = {isa = PBXFileReference; fileEncoding = 4; lastKnownFileType = text.script.ruby; path = update_from_github.rb; sourceTree = "<group>"; };
		D6C4A0A613ECF4D2003E1BE6 /* update_from_svn.rb */ = {isa = PBXFileReference; fileEncoding = 4; lastKnownFileType = text.script.ruby; path = update_from_svn.rb; sourceTree = "<group>"; };
		D6C4A0A813ECF4D2003E1BE6 /* CallCache.h */ = {isa = PBXFileReference; fileEncoding = 4; lastKnownFileType = sourcecode.c.h; path = CallCache.h; sourceTree = "<group>"; };
		D6C4A0A913ECF4D2003E1BE6 /* CallCache.m */ = {isa = PBXFileReference; fileEncoding = 4; lastKnownFileType = sourcecode.c.objc; path = CallCache.m; sourceTree = "<group>"; };
		D6C4A0AA13ECF4D2003E1BE6 /* NSNumberCreator.h */ = {isa = PBXFileReference; fileEncoding = 4; lastKnownFileType = sourcecode.c.h; path = NSNumberCreator.h; sourceTree = "<group>"; };
		D6C4A0AB13ECF4D2003E1BE6 /* NSNumberCreator.m */ = {isa = PBXFileReference; fileEncoding = 4; lastKnownFileType = sourcecode.c.objc; path = NSNumberCreator.m; sourceTree = "<group>"; };
		D6C4A0AC13ECF4D2003E1BE6 /* ReturnCacher.h */ = {isa = PBXFileReference; fileEncoding = 4; lastKnownFileType = sourcecode.c.h; path = ReturnCacher.h; sourceTree = "<group>"; };
		D6C4A0AD13ECF4D2003E1BE6 /* ReturnCacher.m */ = {isa = PBXFileReference; fileEncoding = 4; lastKnownFileType = sourcecode.c.objc; path = ReturnCacher.m; sourceTree = "<group>"; };
		D6C4A0AE13ECF4D2003E1BE6 /* UIBug.h */ = {isa = PBXFileReference; fileEncoding = 4; lastKnownFileType = sourcecode.c.h; path = UIBug.h; sourceTree = "<group>"; };
		D6C4A0AF13ECF4D2003E1BE6 /* UIBug.m */ = {isa = PBXFileReference; fileEncoding = 4; lastKnownFileType = sourcecode.c.objc; path = UIBug.m; sourceTree = "<group>"; };
		D6C4A0B013ECF4D2003E1BE6 /* UIConsole.h */ = {isa = PBXFileReference; fileEncoding = 4; lastKnownFileType = sourcecode.c.h; path = UIConsole.h; sourceTree = "<group>"; };
		D6C4A0B113ECF4D2003E1BE6 /* UIConsole.m */ = {isa = PBXFileReference; fileEncoding = 4; lastKnownFileType = sourcecode.c.objc; path = UIConsole.m; sourceTree = "<group>"; };
		D6C4A0B213ECF4D2003E1BE6 /* UIInspector.h */ = {isa = PBXFileReference; fileEncoding = 4; lastKnownFileType = sourcecode.c.h; path = UIInspector.h; sourceTree = "<group>"; };
		D6C4A0B313ECF4D2003E1BE6 /* UIInspector.m */ = {isa = PBXFileReference; fileEncoding = 4; lastKnownFileType = sourcecode.c.objc; path = UIInspector.m; sourceTree = "<group>"; };
		D6C4A0B413ECF4D2003E1BE6 /* UIProxy.h */ = {isa = PBXFileReference; fileEncoding = 4; lastKnownFileType = sourcecode.c.h; path = UIProxy.h; sourceTree = "<group>"; };
		D6C4A0B513ECF4D2003E1BE6 /* UIProxy.m */ = {isa = PBXFileReference; fileEncoding = 4; lastKnownFileType = sourcecode.c.objc; path = UIProxy.m; sourceTree = "<group>"; };
		D6C4A0B613ECF4D2003E1BE6 /* WaitUntilIdle.h */ = {isa = PBXFileReference; fileEncoding = 4; lastKnownFileType = sourcecode.c.h; path = WaitUntilIdle.h; sourceTree = "<group>"; };
		D6C4A0B713ECF4D2003E1BE6 /* WaitUntilIdle.m */ = {isa = PBXFileReference; fileEncoding = 4; lastKnownFileType = sourcecode.c.objc; path = WaitUntilIdle.m; sourceTree = "<group>"; };
		D6C4A11D13ECF534003E1BE6 /* AccessibilityCheckCommand.h */ = {isa = PBXFileReference; fileEncoding = 4; lastKnownFileType = sourcecode.c.h; path = AccessibilityCheckCommand.h; sourceTree = "<group>"; };
		D6C4A11E13ECF534003E1BE6 /* AccessibilityCheckCommand.m */ = {isa = PBXFileReference; fileEncoding = 4; lastKnownFileType = sourcecode.c.objc; path = AccessibilityCheckCommand.m; sourceTree = "<group>"; };
		D6C4A11F13ECF534003E1BE6 /* AppCommand.h */ = {isa = PBXFileReference; fileEncoding = 4; lastKnownFileType = sourcecode.c.h; path = AppCommand.h; sourceTree = "<group>"; };
		D6C4A12013ECF534003E1BE6 /* AppCommand.m */ = {isa = PBXFileReference; fileEncoding = 4; lastKnownFileType = sourcecode.c.objc; path = AppCommand.m; sourceTree = "<group>"; };
		D6C4A12113ECF534003E1BE6 /* DumpCommand.h */ = {isa = PBXFileReference; fileEncoding = 4; lastKnownFileType = sourcecode.c.h; path = DumpCommand.h; sourceTree = "<group>"; };
		D6C4A12213ECF534003E1BE6 /* DumpCommand.m */ = {isa = PBXFileReference; fileEncoding = 4; lastKnownFileType = sourcecode.c.objc; path = DumpCommand.m; sourceTree = "<group>"; };
		D6C4A12313ECF534003E1BE6 /* FrankCommandRoute.h */ = {isa = PBXFileReference; fileEncoding = 4; lastKnownFileType = sourcecode.c.h; path = FrankCommandRoute.h; sourceTree = "<group>"; };
		D6C4A12413ECF534003E1BE6 /* FrankCommandRoute.m */ = {isa = PBXFileReference; fileEncoding = 4; lastKnownFileType = sourcecode.c.objc; path = FrankCommandRoute.m; sourceTree = "<group>"; };
		D6C4A12513ECF534003E1BE6 /* FrankServer.h */ = {isa = PBXFileReference; fileEncoding = 4; lastKnownFileType = sourcecode.c.h; path = FrankServer.h; sourceTree = "<group>"; };
		D6C4A12613ECF534003E1BE6 /* FrankServer.m */ = {isa = PBXFileReference; fileEncoding = 4; lastKnownFileType = sourcecode.c.objc; path = FrankServer.m; sourceTree = "<group>"; };
		D6C4A12713ECF534003E1BE6 /* MapOperationCommand.h */ = {isa = PBXFileReference; fileEncoding = 4; lastKnownFileType = sourcecode.c.h; path = MapOperationCommand.h; sourceTree = "<group>"; };
		D6C4A12813ECF534003E1BE6 /* MapOperationCommand.m */ = {isa = PBXFileReference; fileEncoding = 4; lastKnownFileType = sourcecode.c.objc; path = MapOperationCommand.m; sourceTree = "<group>"; };
		D6C4A12913ECF534003E1BE6 /* Operation.h */ = {isa = PBXFileReference; fileEncoding = 4; lastKnownFileType = sourcecode.c.h; path = Operation.h; sourceTree = "<group>"; };
		D6C4A12A13ECF534003E1BE6 /* Operation.m */ = {isa = PBXFileReference; fileEncoding = 4; lastKnownFileType = sourcecode.c.objc; path = Operation.m; sourceTree = "<group>"; };
		D6C4A12B13ECF534003E1BE6 /* OrientationCommand.h */ = {isa = PBXFileReference; fileEncoding = 4; lastKnownFileType = sourcecode.c.h; path = OrientationCommand.h; sourceTree = "<group>"; };
		D6C4A12C13ECF534003E1BE6 /* OrientationCommand.m */ = {isa = PBXFileReference; fileEncoding = 4; lastKnownFileType = sourcecode.c.objc; path = OrientationCommand.m; sourceTree = "<group>"; };
		D6C4A12D13ECF534003E1BE6 /* RequestRouter.h */ = {isa = PBXFileReference; fileEncoding = 4; lastKnownFileType = sourcecode.c.h; path = RequestRouter.h; sourceTree = "<group>"; };
		D6C4A12E13ECF534003E1BE6 /* RequestRouter.m */ = {isa = PBXFileReference; fileEncoding = 4; lastKnownFileType = sourcecode.c.objc; path = RequestRouter.m; sourceTree = "<group>"; };
		D6C4A12F13ECF534003E1BE6 /* RoutingHTTPConnection.h */ = {isa = PBXFileReference; fileEncoding = 4; lastKnownFileType = sourcecode.c.h; path = RoutingHTTPConnection.h; sourceTree = "<group>"; };
		D6C4A13013ECF534003E1BE6 /* RoutingHTTPConnection.m */ = {isa = PBXFileReference; fileEncoding = 4; lastKnownFileType = sourcecode.c.objc; path = RoutingHTTPConnection.m; sourceTree = "<group>"; };
		D6C4A13113ECF534003E1BE6 /* StaticResourcesRoute.h */ = {isa = PBXFileReference; fileEncoding = 4; lastKnownFileType = sourcecode.c.h; path = StaticResourcesRoute.h; sourceTree = "<group>"; };
		D6C4A13213ECF534003E1BE6 /* StaticResourcesRoute.m */ = {isa = PBXFileReference; fileEncoding = 4; lastKnownFileType = sourcecode.c.objc; path = StaticResourcesRoute.m; sourceTree = "<group>"; };
		D6C4A13313ECF534003E1BE6 /* UISpecCommandReceiver.h */ = {isa = PBXFileReference; fileEncoding = 4; lastKnownFileType = sourcecode.c.h; path = UISpecCommandReceiver.h; sourceTree = "<group>"; };
		D6C4A13413ECF534003E1BE6 /* UISpecCommandReceiver.m */ = {isa = PBXFileReference; fileEncoding = 4; lastKnownFileType = sourcecode.c.objc; path = UISpecCommandReceiver.m; sourceTree = "<group>"; };
		D6C4A14D13ECF54A003E1BE6 /* frank_static_resources.bundle */ = {isa = PBXFileReference; lastKnownFileType = "wrapper.plug-in"; name = frank_static_resources.bundle; path = ../../frank_static_resources.bundle; sourceTree = "<group>"; };
/* End PBXFileReference section */

/* Begin PBXFrameworksBuildPhase section */
		D6C4A03613ECF48F003E1BE6 /* Frameworks */ = {
			isa = PBXFrameworksBuildPhase;
			buildActionMask = 2147483647;
			files = (
			);
			runOnlyForDeploymentPostprocessing = 0;
		};
/* End PBXFrameworksBuildPhase section */

/* Begin PBXGroup section */
		D6C4A02E13ECF48F003E1BE6 = {
			isa = PBXGroup;
			children = (
				D6C4A14D13ECF54A003E1BE6 /* frank_static_resources.bundle */,
				D6C4A11C13ECF534003E1BE6 /* src */,
				D6C4A04E13ECF4B3003E1BE6 /* 3rd Party */,
				D6C4A03F13ECF48F003E1BE6 /* FrankFramework */,
				D6C4A03C13ECF48F003E1BE6 /* Products */,
			);
			sourceTree = "<group>";
		};
		D6C4A03C13ECF48F003E1BE6 /* Products */ = {
			isa = PBXGroup;
			children = (
				D6C4A03B13ECF48F003E1BE6 /* Frank.framework */,
			);
			name = Products;
			sourceTree = "<group>";
		};
		D6C4A03F13ECF48F003E1BE6 /* FrankFramework */ = {
			isa = PBXGroup;
			children = (
				D6C4A04013ECF48F003E1BE6 /* Supporting Files */,
			);
			path = FrankFramework;
			sourceTree = "<group>";
		};
		D6C4A04013ECF48F003E1BE6 /* Supporting Files */ = {
			isa = PBXGroup;
			children = (
				D6C4A04113ECF48F003E1BE6 /* FrankFramework-Info.plist */,
				D6C4A04213ECF48F003E1BE6 /* InfoPlist.strings */,
				D6C4A04513ECF48F003E1BE6 /* FrankFramework-Prefix.pch */,
			);
			name = "Supporting Files";
			sourceTree = "<group>";
		};
		D6C4A04E13ECF4B3003E1BE6 /* 3rd Party */ = {
			isa = PBXGroup;
			children = (
				D6C4A04F13ECF4D2003E1BE6 /* cocoahttpserver */,
				D6C4A06213ECF4D2003E1BE6 /* JSON */,
				D6C4A07013ECF4D2003E1BE6 /* uispec */,
			);
			name = "3rd Party";
			sourceTree = "<group>";
		};
		D6C4A04F13ECF4D2003E1BE6 /* cocoahttpserver */ = {
			isa = PBXGroup;
			children = (
				D6C4A05013ECF4D2003E1BE6 /* AsyncSocket.h */,
				D6C4A05113ECF4D2003E1BE6 /* AsyncSocket.m */,
				D6C4A05213ECF4D2003E1BE6 /* DDData.h */,
				D6C4A05313ECF4D2003E1BE6 /* DDData.m */,
				D6C4A05413ECF4D2003E1BE6 /* DDNumber.h */,
				D6C4A05513ECF4D2003E1BE6 /* DDNumber.m */,
				D6C4A05613ECF4D2003E1BE6 /* DDRange.h */,
				D6C4A05713ECF4D2003E1BE6 /* DDRange.m */,
				D6C4A05813ECF4D2003E1BE6 /* HTTPAuthenticationRequest.h */,
				D6C4A05913ECF4D2003E1BE6 /* HTTPAuthenticationRequest.m */,
				D6C4A05A13ECF4D2003E1BE6 /* HTTPConnection.h */,
				D6C4A05B13ECF4D2003E1BE6 /* HTTPConnection.m */,
				D6C4A05C13ECF4D2003E1BE6 /* HTTPResponse.h */,
				D6C4A05D13ECF4D2003E1BE6 /* HTTPResponse.m */,
				D6C4A05E13ECF4D2003E1BE6 /* HTTPServer.h */,
				D6C4A05F13ECF4D2003E1BE6 /* HTTPServer.m */,
				D6C4A06013ECF4D2003E1BE6 /* MyHTTPConnection.h */,
				D6C4A06113ECF4D2003E1BE6 /* MyHTTPConnection.m */,
			);
			name = cocoahttpserver;
			path = ../../lib/cocoahttpserver;
			sourceTree = "<group>";
		};
		D6C4A06213ECF4D2003E1BE6 /* JSON */ = {
			isa = PBXGroup;
			children = (
				D6C4A06313ECF4D2003E1BE6 /* JSON.h */,
				D6C4A06413ECF4D2003E1BE6 /* NSObject+SBJSON.h */,
				D6C4A06613ECF4D2003E1BE6 /* NSString+SBJSON.h */,
				D6C4A06813ECF4D2003E1BE6 /* SBJSON.h */,
				D6C4A06A13ECF4D2003E1BE6 /* SBJsonBase.h */,
				D6C4A06C13ECF4D2003E1BE6 /* SBJsonParser.h */,
				D6C4A06E13ECF4D2003E1BE6 /* SBJsonWriter.h */,
			);
			name = JSON;
			path = ../../lib/JSON;
			sourceTree = "<group>";
		};
		D6C4A07013ECF4D2003E1BE6 /* uispec */ = {
			isa = PBXGroup;
			children = (
				D6C4A07113ECF4D2003E1BE6 /* components */,
				D6C4A08013ECF4D2003E1BE6 /* dsl */,
				D6C4A0A213ECF4D2003E1BE6 /* UISpec.bundle */,
				D6C4A0A313ECF4D2003E1BE6 /* UISpec.h */,
				D6C4A0A413ECF4D2003E1BE6 /* UISpec.m */,
				D6C4A0A513ECF4D2003E1BE6 /* update_from_github.rb */,
				D6C4A0A613ECF4D2003E1BE6 /* update_from_svn.rb */,
				D6C4A0A713ECF4D2003E1BE6 /* utils */,
			);
			name = uispec;
			path = ../../lib/uispec;
			sourceTree = "<group>";
		};
		D6C4A07113ECF4D2003E1BE6 /* components */ = {
			isa = PBXGroup;
			children = (
				D6C4A07213ECF4D2003E1BE6 /* UIQueryScrollView.h */,
				D6C4A07313ECF4D2003E1BE6 /* UIQueryScrollView.m */,
				D6C4A07413ECF4D2003E1BE6 /* UIQuerySearchBar.h */,
				D6C4A07513ECF4D2003E1BE6 /* UIQuerySearchBar.m */,
				D6C4A07613ECF4D2003E1BE6 /* UIQuerySegmentedControl.h */,
				D6C4A07713ECF4D2003E1BE6 /* UIQuerySegmentedControl.m */,
				D6C4A07813ECF4D2003E1BE6 /* UIQueryTabBar.h */,
				D6C4A07913ECF4D2003E1BE6 /* UIQueryTabBar.m */,
				D6C4A07A13ECF4D2003E1BE6 /* UIQueryTableView.h */,
				D6C4A07B13ECF4D2003E1BE6 /* UIQueryTableView.m */,
				D6C4A07C13ECF4D2003E1BE6 /* UIQueryTableViewCell.h */,
				D6C4A07D13ECF4D2003E1BE6 /* UIQueryTableViewCell.m */,
				D6C4A07E13ECF4D2003E1BE6 /* UIQueryWebView.h */,
				D6C4A07F13ECF4D2003E1BE6 /* UIQueryWebView.m */,
			);
			path = components;
			sourceTree = "<group>";
		};
		D6C4A08013ECF4D2003E1BE6 /* dsl */ = {
			isa = PBXGroup;
			children = (
				D6C4A08113ECF4D2003E1BE6 /* Recordable.h */,
				D6C4A08213ECF4D2003E1BE6 /* Recordable.m */,
				D6C4A08313ECF4D2003E1BE6 /* UIChildren.h */,
				D6C4A08413ECF4D2003E1BE6 /* UIChildren.m */,
				D6C4A08513ECF4D2003E1BE6 /* UIConsoleLog.h */,
				D6C4A08613ECF4D2003E1BE6 /* UIConsoleLog.m */,
				D6C4A08713ECF4D2003E1BE6 /* UIDescendants.h */,
				D6C4A08813ECF4D2003E1BE6 /* UIDescendants.m */,
				D6C4A08913ECF4D2003E1BE6 /* UIExpectation.h */,
				D6C4A08A13ECF4D2003E1BE6 /* UIExpectation.m */,
				D6C4A08B13ECF4D2003E1BE6 /* UIFilter.h */,
				D6C4A08C13ECF4D2003E1BE6 /* UIFilter.m */,
				D6C4A08D13ECF4D2003E1BE6 /* UILog.h */,
				D6C4A08E13ECF4D2003E1BE6 /* UIMatcher.h */,
				D6C4A08F13ECF4D2003E1BE6 /* UIMatcher.m */,
				D6C4A09013ECF4D2003E1BE6 /* UIParents.h */,
				D6C4A09113ECF4D2003E1BE6 /* UIParents.m */,
				D6C4A09213ECF4D2003E1BE6 /* UIQuery.h */,
				D6C4A09313ECF4D2003E1BE6 /* UIQuery.m */,
				D6C4A09413ECF4D2003E1BE6 /* UIQueryAll.h */,
				D6C4A09513ECF4D2003E1BE6 /* UIQueryAll.m */,
				D6C4A09613ECF4D2003E1BE6 /* UIQueryExpectation.h */,
				D6C4A09713ECF4D2003E1BE6 /* UIQueryExpectation.m */,
				D6C4A09813ECF4D2003E1BE6 /* UIRedoer.h */,
				D6C4A09913ECF4D2003E1BE6 /* UIRedoer.m */,
				D6C4A09A13ECF4D2003E1BE6 /* UISwizzle.h */,
				D6C4A09B13ECF4D2003E1BE6 /* UISwizzle.m */,
				D6C4A09C13ECF4D2003E1BE6 /* UITraversal.h */,
				D6C4A09D13ECF4D2003E1BE6 /* UITraversal.m */,
				D6C4A09E13ECF4D2003E1BE6 /* ViewFilterSwizzler.h */,
				D6C4A09F13ECF4D2003E1BE6 /* ViewFilterSwizzler.m */,
				D6C4A0A013ECF4D2003E1BE6 /* VisibleTouch.h */,
				D6C4A0A113ECF4D2003E1BE6 /* VisibleTouch.m */,
			);
			path = dsl;
			sourceTree = "<group>";
		};
		D6C4A0A713ECF4D2003E1BE6 /* utils */ = {
			isa = PBXGroup;
			children = (
				D6C4A0A813ECF4D2003E1BE6 /* CallCache.h */,
				D6C4A0A913ECF4D2003E1BE6 /* CallCache.m */,
				D6C4A0AA13ECF4D2003E1BE6 /* NSNumberCreator.h */,
				D6C4A0AB13ECF4D2003E1BE6 /* NSNumberCreator.m */,
				D6C4A0AC13ECF4D2003E1BE6 /* ReturnCacher.h */,
				D6C4A0AD13ECF4D2003E1BE6 /* ReturnCacher.m */,
				D6C4A0AE13ECF4D2003E1BE6 /* UIBug.h */,
				D6C4A0AF13ECF4D2003E1BE6 /* UIBug.m */,
				D6C4A0B013ECF4D2003E1BE6 /* UIConsole.h */,
				D6C4A0B113ECF4D2003E1BE6 /* UIConsole.m */,
				D6C4A0B213ECF4D2003E1BE6 /* UIInspector.h */,
				D6C4A0B313ECF4D2003E1BE6 /* UIInspector.m */,
				D6C4A0B413ECF4D2003E1BE6 /* UIProxy.h */,
				D6C4A0B513ECF4D2003E1BE6 /* UIProxy.m */,
				D6C4A0B613ECF4D2003E1BE6 /* WaitUntilIdle.h */,
				D6C4A0B713ECF4D2003E1BE6 /* WaitUntilIdle.m */,
			);
			path = utils;
			sourceTree = "<group>";
		};
		D6C4A11C13ECF534003E1BE6 /* src */ = {
			isa = PBXGroup;
			children = (
				D6C4A11D13ECF534003E1BE6 /* AccessibilityCheckCommand.h */,
				D6C4A11E13ECF534003E1BE6 /* AccessibilityCheckCommand.m */,
				D6C4A11F13ECF534003E1BE6 /* AppCommand.h */,
				D6C4A12013ECF534003E1BE6 /* AppCommand.m */,
				D6C4A12113ECF534003E1BE6 /* DumpCommand.h */,
				D6C4A12213ECF534003E1BE6 /* DumpCommand.m */,
				D6C4A12313ECF534003E1BE6 /* FrankCommandRoute.h */,
				D6C4A12413ECF534003E1BE6 /* FrankCommandRoute.m */,
				D6C4A12513ECF534003E1BE6 /* FrankServer.h */,
				D6C4A12613ECF534003E1BE6 /* FrankServer.m */,
				D6C4A12713ECF534003E1BE6 /* MapOperationCommand.h */,
				D6C4A12813ECF534003E1BE6 /* MapOperationCommand.m */,
				D6C4A12913ECF534003E1BE6 /* Operation.h */,
				D6C4A12A13ECF534003E1BE6 /* Operation.m */,
				D6C4A12B13ECF534003E1BE6 /* OrientationCommand.h */,
				D6C4A12C13ECF534003E1BE6 /* OrientationCommand.m */,
				D6C4A12D13ECF534003E1BE6 /* RequestRouter.h */,
				D6C4A12E13ECF534003E1BE6 /* RequestRouter.m */,
				D6C4A12F13ECF534003E1BE6 /* RoutingHTTPConnection.h */,
				D6C4A13013ECF534003E1BE6 /* RoutingHTTPConnection.m */,
				D6C4A13113ECF534003E1BE6 /* StaticResourcesRoute.h */,
				D6C4A13213ECF534003E1BE6 /* StaticResourcesRoute.m */,
				D6C4A13313ECF534003E1BE6 /* UISpecCommandReceiver.h */,
				D6C4A13413ECF534003E1BE6 /* UISpecCommandReceiver.m */,
			);
			name = src;
			path = ../../src;
			sourceTree = "<group>";
		};
/* End PBXGroup section */

/* Begin PBXHeadersBuildPhase section */
		D6C4A03713ECF48F003E1BE6 /* Headers */ = {
			isa = PBXHeadersBuildPhase;
			buildActionMask = 2147483647;
			files = (
				D6C4A13D13ECF534003E1BE6 /* FrankServer.h in Headers */,
				D6C4A0B813ECF4D2003E1BE6 /* AsyncSocket.h in Headers */,
				D6C4A0BA13ECF4D2003E1BE6 /* DDData.h in Headers */,
				D6C4A0BC13ECF4D2003E1BE6 /* DDNumber.h in Headers */,
				D6C4A0BE13ECF4D2003E1BE6 /* DDRange.h in Headers */,
				D6C4A0C013ECF4D2003E1BE6 /* HTTPAuthenticationRequest.h in Headers */,
				D6C4A0C213ECF4D2003E1BE6 /* HTTPConnection.h in Headers */,
				D6C4A0C413ECF4D2003E1BE6 /* HTTPResponse.h in Headers */,
				D6C4A0C613ECF4D2003E1BE6 /* HTTPServer.h in Headers */,
				D6C4A0C813ECF4D2003E1BE6 /* MyHTTPConnection.h in Headers */,
				D6C4A0CA13ECF4D2003E1BE6 /* JSON.h in Headers */,
				D6C4A0CB13ECF4D2003E1BE6 /* NSObject+SBJSON.h in Headers */,
				D6C4A0CD13ECF4D2003E1BE6 /* NSString+SBJSON.h in Headers */,
				D6C4A0CF13ECF4D2003E1BE6 /* SBJSON.h in Headers */,
				D6C4A0D113ECF4D2003E1BE6 /* SBJsonBase.h in Headers */,
				D6C4A0D313ECF4D2003E1BE6 /* SBJsonParser.h in Headers */,
				D6C4A0D513ECF4D2003E1BE6 /* SBJsonWriter.h in Headers */,
				D6C4A0D713ECF4D2003E1BE6 /* UIQueryScrollView.h in Headers */,
				D6C4A0D913ECF4D2003E1BE6 /* UIQuerySearchBar.h in Headers */,
				D6C4A0DB13ECF4D2003E1BE6 /* UIQuerySegmentedControl.h in Headers */,
				D6C4A0DD13ECF4D2003E1BE6 /* UIQueryTabBar.h in Headers */,
				D6C4A0DF13ECF4D2003E1BE6 /* UIQueryTableView.h in Headers */,
				D6C4A0E113ECF4D2003E1BE6 /* UIQueryTableViewCell.h in Headers */,
				D6C4A0E313ECF4D2003E1BE6 /* UIQueryWebView.h in Headers */,
				D6C4A0E513ECF4D2003E1BE6 /* Recordable.h in Headers */,
				D6C4A0E713ECF4D2003E1BE6 /* UIChildren.h in Headers */,
				D6C4A0E913ECF4D2003E1BE6 /* UIConsoleLog.h in Headers */,
				D6C4A0EB13ECF4D2003E1BE6 /* UIDescendants.h in Headers */,
				D6C4A0ED13ECF4D2003E1BE6 /* UIExpectation.h in Headers */,
				D6C4A0EF13ECF4D2003E1BE6 /* UIFilter.h in Headers */,
				D6C4A0F113ECF4D2003E1BE6 /* UILog.h in Headers */,
				D6C4A0F213ECF4D2003E1BE6 /* UIMatcher.h in Headers */,
				D6C4A0F413ECF4D2003E1BE6 /* UIParents.h in Headers */,
				D6C4A0F613ECF4D2003E1BE6 /* UIQuery.h in Headers */,
				D6C4A0F813ECF4D2003E1BE6 /* UIQueryAll.h in Headers */,
				D6C4A0FA13ECF4D2003E1BE6 /* UIQueryExpectation.h in Headers */,
				D6C4A0FC13ECF4D2003E1BE6 /* UIRedoer.h in Headers */,
				D6C4A0FE13ECF4D2003E1BE6 /* UISwizzle.h in Headers */,
				D6C4A10013ECF4D2003E1BE6 /* UITraversal.h in Headers */,
				D6C4A10213ECF4D2003E1BE6 /* ViewFilterSwizzler.h in Headers */,
				D6C4A10413ECF4D2003E1BE6 /* VisibleTouch.h in Headers */,
				D6C4A10713ECF4D2003E1BE6 /* UISpec.h in Headers */,
				D6C4A10B13ECF4D2003E1BE6 /* CallCache.h in Headers */,
				D6C4A10D13ECF4D2003E1BE6 /* NSNumberCreator.h in Headers */,
				D6C4A10F13ECF4D2003E1BE6 /* ReturnCacher.h in Headers */,
				D6C4A11113ECF4D2003E1BE6 /* UIBug.h in Headers */,
				D6C4A11313ECF4D2003E1BE6 /* UIConsole.h in Headers */,
				D6C4A11513ECF4D2003E1BE6 /* UIInspector.h in Headers */,
				D6C4A11713ECF4D2003E1BE6 /* UIProxy.h in Headers */,
				D6C4A11913ECF4D2003E1BE6 /* WaitUntilIdle.h in Headers */,
				D6C4A13513ECF534003E1BE6 /* AccessibilityCheckCommand.h in Headers */,
				D6C4A13713ECF534003E1BE6 /* AppCommand.h in Headers */,
				D6C4A13913ECF534003E1BE6 /* DumpCommand.h in Headers */,
				D6C4A13B13ECF534003E1BE6 /* FrankCommandRoute.h in Headers */,
				D6C4A13F13ECF534003E1BE6 /* MapOperationCommand.h in Headers */,
				D6C4A14113ECF534003E1BE6 /* Operation.h in Headers */,
				D6C4A14313ECF534003E1BE6 /* OrientationCommand.h in Headers */,
				D6C4A14513ECF534003E1BE6 /* RequestRouter.h in Headers */,
				D6C4A14713ECF534003E1BE6 /* RoutingHTTPConnection.h in Headers */,
				D6C4A14913ECF534003E1BE6 /* StaticResourcesRoute.h in Headers */,
				D6C4A14B13ECF534003E1BE6 /* UISpecCommandReceiver.h in Headers */,
			);
			runOnlyForDeploymentPostprocessing = 0;
		};
/* End PBXHeadersBuildPhase section */

/* Begin PBXNativeTarget section */
		D6C4A03A13ECF48F003E1BE6 /* Frank */ = {
			isa = PBXNativeTarget;
			buildConfigurationList = D6C4A04813ECF48F003E1BE6 /* Build configuration list for PBXNativeTarget "Frank" */;
			buildPhases = (
				D6C4A03513ECF48F003E1BE6 /* Sources */,
				D6C4A03613ECF48F003E1BE6 /* Frameworks */,
				D6C4A03713ECF48F003E1BE6 /* Headers */,
				D6C4A03813ECF48F003E1BE6 /* Resources */,
				D6C4A03913ECF48F003E1BE6 /* ShellScript */,
			);
			buildRules = (
			);
			dependencies = (
			);
			name = Frank;
			productName = FrankFramework;
			productReference = D6C4A03B13ECF48F003E1BE6 /* Frank.framework */;
			productType = "com.apple.product-type.bundle";
		};
/* End PBXNativeTarget section */

/* Begin PBXProject section */
		D6C4A03013ECF48F003E1BE6 /* Project object */ = {
			isa = PBXProject;
			attributes = {
				ORGANIZATIONNAME = ThoughtWorks;
			};
			buildConfigurationList = D6C4A03313ECF48F003E1BE6 /* Build configuration list for PBXProject "FrankFramework" */;
			compatibilityVersion = "Xcode 3.2";
			developmentRegion = English;
			hasScannedForEncodings = 0;
			knownRegions = (
				en,
			);
			mainGroup = D6C4A02E13ECF48F003E1BE6;
			productRefGroup = D6C4A03C13ECF48F003E1BE6 /* Products */;
			projectDirPath = "";
			projectRoot = "";
			targets = (
				D6C4A03A13ECF48F003E1BE6 /* Frank */,
				D6C4A03E13ECF48F003E1BE6 /* Universal_Framework */,
			);
		};
/* End PBXProject section */

/* Begin PBXResourcesBuildPhase section */
		D6C4A03813ECF48F003E1BE6 /* Resources */ = {
			isa = PBXResourcesBuildPhase;
			buildActionMask = 2147483647;
			files = (
				D6C4A04413ECF48F003E1BE6 /* InfoPlist.strings in Resources */,
				D6C4A10613ECF4D2003E1BE6 /* UISpec.bundle in Resources */,
				D6C4A10913ECF4D2003E1BE6 /* update_from_github.rb in Resources */,
				D6C4A10A13ECF4D2003E1BE6 /* update_from_svn.rb in Resources */,
				D6C4A14E13ECF54A003E1BE6 /* frank_static_resources.bundle in Resources */,
			);
			runOnlyForDeploymentPostprocessing = 0;
		};
/* End PBXResourcesBuildPhase section */

/* Begin PBXShellScriptBuildPhase section */
		D6C4A03913ECF48F003E1BE6 /* ShellScript */ = {
			isa = PBXShellScriptBuildPhase;
			buildActionMask = 2147483647;
			files = (
			);
			inputPaths = (
			);
			outputPaths = (
			);
			runOnlyForDeploymentPostprocessing = 0;
			shellPath = /bin/sh;
			shellScript = "rm -f \"${CONFIGURATION_BUILD_DIR}/FakeFramework\"\nif [ -f \"${CONFIGURATION_BUILD_DIR}/${EXECUTABLE_PATH}\" ]; then\n\tcp \"${CONFIGURATION_BUILD_DIR}/${EXECUTABLE_PATH}\" \"${CONFIGURATION_BUILD_DIR}/FakeFramework\"\nfi\n";
		};
		D6C4A03D13ECF48F003E1BE6 /* ShellScript */ = {
			isa = PBXShellScriptBuildPhase;
			buildActionMask = 2147483647;
			files = (
			);
			inputPaths = (
			);
			outputPaths = (
			);
			runOnlyForDeploymentPostprocessing = 0;
			shellPath = /bin/sh;
			shellScript = "set -e\nset -u\n\n# Assume the target name is the same as the project name\nUFW_TARGET=Frank\n\nif [ -z ${SDK_NAME} ]\nthen\n    # Use the latest iphoneos SDK available\n    UFW_GREP_RESULT=$(xcodebuild -showsdks | grep -o \"iphoneos.*$\")\n    while read -r line\n    do\n        UFW_SDK_VERSION=\"${line}\"\n    done <<< \"${UFW_GREP_RESULT}\"\nelse\n    # Use the SDK specified by XCode\n    UFW_SDK_VERSION=\"${SDK_NAME}\"\nfi\n\nUFW_SDK_VERSION=$(echo \"${UFW_SDK_VERSION}\" | grep -o \"[0-9].*$\")\nUFW_FMWK_DIRNAME=\"${UFW_TARGET}.framework\"\nUFW_EMBEDDED_DIRNAME=\"${UFW_TARGET}.embeddedframework\"\nUFW_EXE_PATH=\"${UFW_FMWK_DIRNAME}/${UFW_TARGET}\"\nUFW_IPHONE_DIR=\"${BUILD_DIR}/${CONFIGURATION}-iphoneos\"\nUFW_SIMULATOR_DIR=\"${BUILD_DIR}/${CONFIGURATION}-iphonesimulator\"\nUFW_UNIVERSAL_DIR=\"${BUILD_DIR}/${CONFIGURATION}-universal\"\n\n\n# Build Framework\n\nrm -rf \"${UFW_UNIVERSAL_DIR}\"\n\nxcodebuild -project \"${PROJECT_FILE_PATH}\" -target \"${UFW_TARGET}\" -configuration ${CONFIGURATION} -sdk iphoneos${UFW_SDK_VERSION} BUILD_DIR=${BUILD_DIR} CONFIGURATION_TEMP_DIR=${CONFIGURATION_TEMP_DIR} clean build\nxcodebuild -project \"${PROJECT_FILE_PATH}\" -target \"${UFW_TARGET}\" -configuration ${CONFIGURATION} -sdk iphonesimulator${UFW_SDK_VERSION} BUILD_DIR=${BUILD_DIR} CONFIGURATION_TEMP_DIR=${CONFIGURATION_TEMP_DIR} clean build\n\nif [ ! -f \"${UFW_IPHONE_DIR}/${UFW_EXE_PATH}\" ]\nthen\n    echo \"Framework target \\\"${UFW_TARGET}\\\" had no source files to build from. Make sure your source files have the correct target membership\"\n    exit 1\nfi\n\nmkdir -p \"${UFW_UNIVERSAL_DIR}\"\ncp -a \"${UFW_IPHONE_DIR}/${UFW_FMWK_DIRNAME}\" \"${UFW_UNIVERSAL_DIR}/${UFW_FMWK_DIRNAME}\"\nlipo -create -output \"${UFW_UNIVERSAL_DIR}/${UFW_EXE_PATH}\" \"${UFW_IPHONE_DIR}/${UFW_EXE_PATH}\" \"${UFW_SIMULATOR_DIR}/${UFW_EXE_PATH}\"\n\n\n# Build standard framework structure\n\nmkdir -p \"${UFW_UNIVERSAL_DIR}/${UFW_FMWK_DIRNAME}/Versions/A/Resources\"\ncd \"${UFW_UNIVERSAL_DIR}/${UFW_FMWK_DIRNAME}\"\nmv \"${UFW_TARGET}\" \"Versions/A/\"\nmkdir -p Headers\nmv \"Headers\" \"Versions/A/\"\n\nUFW_RESOURCE_LIST=$(ls)\nwhile read -r filename\ndo\n    if [ \"${filename}\" != \"Versions\" ]\n    then\n        mv \"${filename}\" \"Versions/A/Resources/\"\n    fi\ndone <<< \"${UFW_RESOURCE_LIST}\"\n\ncd Versions\nln -s A Current\ncd ..\nln -s \"Versions/Current/${UFW_TARGET}\"\nln -s \"Versions/Current/Headers\"\nln -s \"Versions/Current/Resources\"\n\n\n# Build Embedded Framework\n\nmkdir -p \"${UFW_UNIVERSAL_DIR}/${UFW_EMBEDDED_DIRNAME}/Resources\"\ncp -a \"${UFW_UNIVERSAL_DIR}/${UFW_FMWK_DIRNAME}\" \"${UFW_UNIVERSAL_DIR}/${UFW_EMBEDDED_DIRNAME}/\"\n\ncd \"${UFW_UNIVERSAL_DIR}/${UFW_FMWK_DIRNAME}/Resources\"\nUFW_RESOURCE_LIST=$(ls)\ncd \"${UFW_UNIVERSAL_DIR}/${UFW_EMBEDDED_DIRNAME}/Resources\"\nwhile read -r filename\ndo\n    if [ \"${filename}\" != \"Info.plist\" ]; then\n        ln -s \"../${UFW_FMWK_DIRNAME}/Resources/${filename}\"\n    fi\ndone <<< \"${UFW_RESOURCE_LIST}\"\n";
		};
/* End PBXShellScriptBuildPhase section */

/* Begin PBXSourcesBuildPhase section */
		D6C4A03513ECF48F003E1BE6 /* Sources */ = {
			isa = PBXSourcesBuildPhase;
			buildActionMask = 2147483647;
			files = (
				D6C4A0B913ECF4D2003E1BE6 /* AsyncSocket.m in Sources */,
				D6C4A0BB13ECF4D2003E1BE6 /* DDData.m in Sources */,
				D6C4A0BD13ECF4D2003E1BE6 /* DDNumber.m in Sources */,
				D6C4A0BF13ECF4D2003E1BE6 /* DDRange.m in Sources */,
				D6C4A0C113ECF4D2003E1BE6 /* HTTPAuthenticationRequest.m in Sources */,
				D6C4A0C313ECF4D2003E1BE6 /* HTTPConnection.m in Sources */,
				D6C4A0C513ECF4D2003E1BE6 /* HTTPResponse.m in Sources */,
				D6C4A0C713ECF4D2003E1BE6 /* HTTPServer.m in Sources */,
				D6C4A0C913ECF4D2003E1BE6 /* MyHTTPConnection.m in Sources */,
				D6C4A0D813ECF4D2003E1BE6 /* UIQueryScrollView.m in Sources */,
				D6C4A0DA13ECF4D2003E1BE6 /* UIQuerySearchBar.m in Sources */,
				D6C4A0DC13ECF4D2003E1BE6 /* UIQuerySegmentedControl.m in Sources */,
				D6C4A0DE13ECF4D2003E1BE6 /* UIQueryTabBar.m in Sources */,
				D6C4A0E013ECF4D2003E1BE6 /* UIQueryTableView.m in Sources */,
				D6C4A0E213ECF4D2003E1BE6 /* UIQueryTableViewCell.m in Sources */,
				D6C4A0E413ECF4D2003E1BE6 /* UIQueryWebView.m in Sources */,
				D6C4A0E613ECF4D2003E1BE6 /* Recordable.m in Sources */,
				D6C4A0E813ECF4D2003E1BE6 /* UIChildren.m in Sources */,
				D6C4A0EA13ECF4D2003E1BE6 /* UIConsoleLog.m in Sources */,
				D6C4A0EC13ECF4D2003E1BE6 /* UIDescendants.m in Sources */,
				D6C4A0EE13ECF4D2003E1BE6 /* UIExpectation.m in Sources */,
				D6C4A0F013ECF4D2003E1BE6 /* UIFilter.m in Sources */,
				D6C4A0F313ECF4D2003E1BE6 /* UIMatcher.m in Sources */,
				D6C4A0F513ECF4D2003E1BE6 /* UIParents.m in Sources */,
				D6C4A0F713ECF4D2003E1BE6 /* UIQuery.m in Sources */,
				D6C4A0F913ECF4D2003E1BE6 /* UIQueryAll.m in Sources */,
				D6C4A0FB13ECF4D2003E1BE6 /* UIQueryExpectation.m in Sources */,
				D6C4A0FD13ECF4D2003E1BE6 /* UIRedoer.m in Sources */,
				D6C4A0FF13ECF4D2003E1BE6 /* UISwizzle.m in Sources */,
				D6C4A10113ECF4D2003E1BE6 /* UITraversal.m in Sources */,
				D6C4A10313ECF4D2003E1BE6 /* ViewFilterSwizzler.m in Sources */,
				D6C4A10513ECF4D2003E1BE6 /* VisibleTouch.m in Sources */,
				D6C4A10813ECF4D2003E1BE6 /* UISpec.m in Sources */,
				D6C4A10C13ECF4D2003E1BE6 /* CallCache.m in Sources */,
				D6C4A10E13ECF4D2003E1BE6 /* NSNumberCreator.m in Sources */,
				D6C4A11013ECF4D2003E1BE6 /* ReturnCacher.m in Sources */,
				D6C4A11213ECF4D2003E1BE6 /* UIBug.m in Sources */,
				D6C4A11413ECF4D2003E1BE6 /* UIConsole.m in Sources */,
				D6C4A11613ECF4D2003E1BE6 /* UIInspector.m in Sources */,
				D6C4A11813ECF4D2003E1BE6 /* UIProxy.m in Sources */,
				D6C4A11A13ECF4D2003E1BE6 /* WaitUntilIdle.m in Sources */,
				D6C4A13613ECF534003E1BE6 /* AccessibilityCheckCommand.m in Sources */,
				D6C4A13813ECF534003E1BE6 /* AppCommand.m in Sources */,
				D6C4A13A13ECF534003E1BE6 /* DumpCommand.m in Sources */,
				D6C4A13C13ECF534003E1BE6 /* FrankCommandRoute.m in Sources */,
				D6C4A13E13ECF534003E1BE6 /* FrankServer.m in Sources */,
				D6C4A14013ECF534003E1BE6 /* MapOperationCommand.m in Sources */,
				D6C4A14213ECF534003E1BE6 /* Operation.m in Sources */,
				D6C4A14413ECF534003E1BE6 /* OrientationCommand.m in Sources */,
				D6C4A14613ECF534003E1BE6 /* RequestRouter.m in Sources */,
				D6C4A14813ECF534003E1BE6 /* RoutingHTTPConnection.m in Sources */,
				D6C4A14A13ECF534003E1BE6 /* StaticResourcesRoute.m in Sources */,
				D6C4A14C13ECF534003E1BE6 /* UISpecCommandReceiver.m in Sources */,
			);
			runOnlyForDeploymentPostprocessing = 0;
		};
/* End PBXSourcesBuildPhase section */

/* Begin PBXVariantGroup section */
		D6C4A04213ECF48F003E1BE6 /* InfoPlist.strings */ = {
			isa = PBXVariantGroup;
			children = (
				D6C4A04313ECF48F003E1BE6 /* en */,
			);
			name = InfoPlist.strings;
			sourceTree = "<group>";
		};
/* End PBXVariantGroup section */

/* Begin XCBuildConfiguration section */
		D6C4A04613ECF48F003E1BE6 /* Debug */ = {
			isa = XCBuildConfiguration;
			buildSettings = {
				ARCHS = "$(ARCHS_STANDARD_32_BIT)";
				GCC_C_LANGUAGE_STANDARD = gnu99;
				GCC_OPTIMIZATION_LEVEL = 0;
				GCC_PREPROCESSOR_DEFINITIONS = DEBUG;
				GCC_SYMBOLS_PRIVATE_EXTERN = NO;
				GCC_VERSION = com.apple.compilers.llvmgcc42;
				GCC_WARN_ABOUT_RETURN_TYPE = YES;
				GCC_WARN_UNUSED_VARIABLE = YES;
				IPHONEOS_DEPLOYMENT_TARGET = 4.3;
				SDKROOT = iphoneos;
			};
			name = Debug;
		};
		D6C4A04713ECF48F003E1BE6 /* Release */ = {
			isa = XCBuildConfiguration;
			buildSettings = {
				ARCHS = "$(ARCHS_STANDARD_32_BIT)";
				GCC_C_LANGUAGE_STANDARD = gnu99;
				GCC_VERSION = com.apple.compilers.llvmgcc42;
				GCC_WARN_ABOUT_RETURN_TYPE = YES;
				GCC_WARN_UNUSED_VARIABLE = YES;
				IPHONEOS_DEPLOYMENT_TARGET = 4.3;
				SDKROOT = iphoneos;
			};
			name = Release;
		};
		D6C4A04913ECF48F003E1BE6 /* Debug */ = {
			isa = XCBuildConfiguration;
			buildSettings = {
				ALWAYS_SEARCH_USER_PATHS = NO;
				DEAD_CODE_STRIPPING = NO;
				DEPLOYMENT_POSTPROCESSING = YES;
				DYLIB_COMPATIBILITY_VERSION = 1;
				DYLIB_CURRENT_VERSION = 1;
				FRAMEWORK_VERSION = A;
				GCC_PRECOMPILE_PREFIX_HEADER = YES;
				GCC_PREFIX_HEADER = "FrankFramework/FrankFramework-Prefix.pch";
				INFOPLIST_FILE = "FrankFramework/FrankFramework-Info.plist";
				INSTALL_PATH = "$(BUILT_PRODUCTS_DIR)";
				LINK_WITH_STANDARD_LIBRARIES = NO;
				MACH_O_TYPE = mh_object;
				OTHER_LDFLAGS = "-ObjC";
				PRODUCT_NAME = Frank;
				SKIP_INSTALL = YES;
				WRAPPER_EXTENSION = framework;
			};
			name = Debug;
		};
		D6C4A04A13ECF48F003E1BE6 /* Release */ = {
			isa = XCBuildConfiguration;
			buildSettings = {
				ALWAYS_SEARCH_USER_PATHS = NO;
				DEAD_CODE_STRIPPING = NO;
				DEPLOYMENT_POSTPROCESSING = YES;
				DYLIB_COMPATIBILITY_VERSION = 1;
				DYLIB_CURRENT_VERSION = 1;
				FRAMEWORK_VERSION = A;
				GCC_PRECOMPILE_PREFIX_HEADER = YES;
				GCC_PREFIX_HEADER = "FrankFramework/FrankFramework-Prefix.pch";
				INFOPLIST_FILE = "FrankFramework/FrankFramework-Info.plist";
				INSTALL_PATH = "$(BUILT_PRODUCTS_DIR)";
				LINK_WITH_STANDARD_LIBRARIES = NO;
				MACH_O_TYPE = mh_object;
				OTHER_LDFLAGS = "-ObjC";
				PRODUCT_NAME = Frank;
				SKIP_INSTALL = YES;
				WRAPPER_EXTENSION = framework;
			};
			name = Release;
		};
		D6C4A04C13ECF48F003E1BE6 /* Debug */ = {
			isa = XCBuildConfiguration;
			buildSettings = {
				PRODUCT_NAME = UniversalFramework;
			};
			name = Debug;
		};
		D6C4A04D13ECF48F003E1BE6 /* Release */ = {
			isa = XCBuildConfiguration;
			buildSettings = {
				PRODUCT_NAME = UniversalFramework;
			};
			name = Release;
		};
/* End XCBuildConfiguration section */

/* Begin XCConfigurationList section */
		D6C4A03313ECF48F003E1BE6 /* Build configuration list for PBXProject "FrankFramework" */ = {
			isa = XCConfigurationList;
			buildConfigurations = (
				D6C4A04613ECF48F003E1BE6 /* Debug */,
				D6C4A04713ECF48F003E1BE6 /* Release */,
			);
			defaultConfigurationIsVisible = 0;
			defaultConfigurationName = Release;
		};
		D6C4A04813ECF48F003E1BE6 /* Build configuration list for PBXNativeTarget "Frank" */ = {
			isa = XCConfigurationList;
			buildConfigurations = (
				D6C4A04913ECF48F003E1BE6 /* Debug */,
				D6C4A04A13ECF48F003E1BE6 /* Release */,
			);
			defaultConfigurationIsVisible = 0;
		};
		D6C4A04B13ECF48F003E1BE6 /* Build configuration list for PBXAggregateTarget "Universal_Framework" */ = {
			isa = XCConfigurationList;
			buildConfigurations = (
				D6C4A04C13ECF48F003E1BE6 /* Debug */,
				D6C4A04D13ECF48F003E1BE6 /* Release */,
			);
			defaultConfigurationIsVisible = 0;
		};
/* End XCConfigurationList section */
	};
	rootObject = D6C4A03013ECF48F003E1BE6 /* Project object */;
}
