// !$*UTF8*$!
{
	archiveVersion = 1;
	classes = {
	};
	objectVersion = 45;
	objects = {

/* Begin PBXBuildFile section */
		4C1DD76C12BADFE100E10B8C /* OrientationCommand.m in Sources */ = {isa = PBXBuildFile; fileRef = 4C1DD76812BADFE100E10B8C /* OrientationCommand.m */; };
		4C1DD76D12BADFE100E10B8C /* OrientationCommand.h in Headers */ = {isa = PBXBuildFile; fileRef = 4C1DD76912BADFE100E10B8C /* OrientationCommand.h */; };
		4C1DD76E12BADFE100E10B8C /* AppCommand.m in Sources */ = {isa = PBXBuildFile; fileRef = 4C1DD76A12BADFE100E10B8C /* AppCommand.m */; };
		4C1DD76F12BADFE100E10B8C /* AppCommand.h in Headers */ = {isa = PBXBuildFile; fileRef = 4C1DD76B12BADFE100E10B8C /* AppCommand.h */; };
		AA747D9F0F9514B9006C5449 /* Frank_Prefix.pch in Headers */ = {isa = PBXBuildFile; fileRef = AA747D9E0F9514B9006C5449 /* Frank_Prefix.pch */; };
		AACBBE4A0F95108600F1A2B1 /* Foundation.framework in Frameworks */ = {isa = PBXBuildFile; fileRef = AACBBE490F95108600F1A2B1 /* Foundation.framework */; };
		D629926B11AB2D1F00CE0FB0 /* AsyncSocket.h in Headers */ = {isa = PBXBuildFile; fileRef = D629926911AB2D1F00CE0FB0 /* AsyncSocket.h */; };
		D629926C11AB2D1F00CE0FB0 /* AsyncSocket.m in Sources */ = {isa = PBXBuildFile; fileRef = D629926A11AB2D1F00CE0FB0 /* AsyncSocket.m */; };
		D629928111AB2D4C00CE0FB0 /* DDData.h in Headers */ = {isa = PBXBuildFile; fileRef = D629927111AB2D4C00CE0FB0 /* DDData.h */; };
		D629928211AB2D4C00CE0FB0 /* DDData.m in Sources */ = {isa = PBXBuildFile; fileRef = D629927211AB2D4C00CE0FB0 /* DDData.m */; };
		D629928311AB2D4C00CE0FB0 /* DDNumber.h in Headers */ = {isa = PBXBuildFile; fileRef = D629927311AB2D4C00CE0FB0 /* DDNumber.h */; };
		D629928411AB2D4C00CE0FB0 /* DDNumber.m in Sources */ = {isa = PBXBuildFile; fileRef = D629927411AB2D4C00CE0FB0 /* DDNumber.m */; };
		D629928511AB2D4C00CE0FB0 /* DDRange.h in Headers */ = {isa = PBXBuildFile; fileRef = D629927511AB2D4C00CE0FB0 /* DDRange.h */; };
		D629928611AB2D4C00CE0FB0 /* DDRange.m in Sources */ = {isa = PBXBuildFile; fileRef = D629927611AB2D4C00CE0FB0 /* DDRange.m */; };
		D629928711AB2D4C00CE0FB0 /* HTTPAuthenticationRequest.h in Headers */ = {isa = PBXBuildFile; fileRef = D629927711AB2D4C00CE0FB0 /* HTTPAuthenticationRequest.h */; };
		D629928811AB2D4C00CE0FB0 /* HTTPAuthenticationRequest.m in Sources */ = {isa = PBXBuildFile; fileRef = D629927811AB2D4C00CE0FB0 /* HTTPAuthenticationRequest.m */; };
		D629928911AB2D4C00CE0FB0 /* HTTPConnection.h in Headers */ = {isa = PBXBuildFile; fileRef = D629927911AB2D4C00CE0FB0 /* HTTPConnection.h */; };
		D629928A11AB2D4C00CE0FB0 /* HTTPConnection.m in Sources */ = {isa = PBXBuildFile; fileRef = D629927A11AB2D4C00CE0FB0 /* HTTPConnection.m */; };
		D629928B11AB2D4C00CE0FB0 /* HTTPResponse.h in Headers */ = {isa = PBXBuildFile; fileRef = D629927B11AB2D4C00CE0FB0 /* HTTPResponse.h */; };
		D629928C11AB2D4C00CE0FB0 /* HTTPResponse.m in Sources */ = {isa = PBXBuildFile; fileRef = D629927C11AB2D4C00CE0FB0 /* HTTPResponse.m */; };
		D629928D11AB2D4C00CE0FB0 /* HTTPServer.h in Headers */ = {isa = PBXBuildFile; fileRef = D629927D11AB2D4C00CE0FB0 /* HTTPServer.h */; };
		D629928E11AB2D4C00CE0FB0 /* HTTPServer.m in Sources */ = {isa = PBXBuildFile; fileRef = D629927E11AB2D4C00CE0FB0 /* HTTPServer.m */; };
		D629928F11AB2D4C00CE0FB0 /* MyHTTPConnection.h in Headers */ = {isa = PBXBuildFile; fileRef = D629927F11AB2D4C00CE0FB0 /* MyHTTPConnection.h */; };
		D629929011AB2D4C00CE0FB0 /* MyHTTPConnection.m in Sources */ = {isa = PBXBuildFile; fileRef = D629928011AB2D4C00CE0FB0 /* MyHTTPConnection.m */; };
		D62992ED11AB2DDD00CE0FB0 /* UIQuerySearchBar.h in Headers */ = {isa = PBXBuildFile; fileRef = D62992AD11AB2DDD00CE0FB0 /* UIQuerySearchBar.h */; };
		D62992EE11AB2DDD00CE0FB0 /* UIQuerySearchBar.m in Sources */ = {isa = PBXBuildFile; fileRef = D62992AE11AB2DDD00CE0FB0 /* UIQuerySearchBar.m */; };
		D62992EF11AB2DDD00CE0FB0 /* UIQuerySegmentedControl.h in Headers */ = {isa = PBXBuildFile; fileRef = D62992AF11AB2DDD00CE0FB0 /* UIQuerySegmentedControl.h */; };
		D62992F011AB2DDD00CE0FB0 /* UIQuerySegmentedControl.m in Sources */ = {isa = PBXBuildFile; fileRef = D62992B011AB2DDD00CE0FB0 /* UIQuerySegmentedControl.m */; };
		D62992F111AB2DDD00CE0FB0 /* UIQueryTabBar.h in Headers */ = {isa = PBXBuildFile; fileRef = D62992B111AB2DDD00CE0FB0 /* UIQueryTabBar.h */; };
		D62992F211AB2DDD00CE0FB0 /* UIQueryTabBar.m in Sources */ = {isa = PBXBuildFile; fileRef = D62992B211AB2DDD00CE0FB0 /* UIQueryTabBar.m */; };
		D62992F311AB2DDD00CE0FB0 /* UIQueryTableView.h in Headers */ = {isa = PBXBuildFile; fileRef = D62992B311AB2DDD00CE0FB0 /* UIQueryTableView.h */; };
		D62992F411AB2DDD00CE0FB0 /* UIQueryTableView.m in Sources */ = {isa = PBXBuildFile; fileRef = D62992B411AB2DDD00CE0FB0 /* UIQueryTableView.m */; };
		D62992F511AB2DDD00CE0FB0 /* UIQueryTableViewCell.h in Headers */ = {isa = PBXBuildFile; fileRef = D62992B511AB2DDD00CE0FB0 /* UIQueryTableViewCell.h */; };
		D62992F611AB2DDD00CE0FB0 /* UIQueryTableViewCell.m in Sources */ = {isa = PBXBuildFile; fileRef = D62992B611AB2DDD00CE0FB0 /* UIQueryTableViewCell.m */; };
		D62992F711AB2DDD00CE0FB0 /* UIQueryWebView.h in Headers */ = {isa = PBXBuildFile; fileRef = D62992B711AB2DDD00CE0FB0 /* UIQueryWebView.h */; };
		D62992F811AB2DDD00CE0FB0 /* UIQueryWebView.m in Sources */ = {isa = PBXBuildFile; fileRef = D62992B811AB2DDD00CE0FB0 /* UIQueryWebView.m */; };
		D62992F911AB2DDD00CE0FB0 /* Recordable.h in Headers */ = {isa = PBXBuildFile; fileRef = D62992BA11AB2DDD00CE0FB0 /* Recordable.h */; };
		D62992FA11AB2DDD00CE0FB0 /* Recordable.m in Sources */ = {isa = PBXBuildFile; fileRef = D62992BB11AB2DDD00CE0FB0 /* Recordable.m */; };
		D62992FB11AB2DDD00CE0FB0 /* UIChildren.h in Headers */ = {isa = PBXBuildFile; fileRef = D62992BC11AB2DDD00CE0FB0 /* UIChildren.h */; };
		D62992FC11AB2DDD00CE0FB0 /* UIChildren.m in Sources */ = {isa = PBXBuildFile; fileRef = D62992BD11AB2DDD00CE0FB0 /* UIChildren.m */; };
		D62992FD11AB2DDD00CE0FB0 /* UIConsoleLog.h in Headers */ = {isa = PBXBuildFile; fileRef = D62992BE11AB2DDD00CE0FB0 /* UIConsoleLog.h */; };
		D62992FE11AB2DDD00CE0FB0 /* UIConsoleLog.m in Sources */ = {isa = PBXBuildFile; fileRef = D62992BF11AB2DDD00CE0FB0 /* UIConsoleLog.m */; };
		D62992FF11AB2DDD00CE0FB0 /* UIDescendants.h in Headers */ = {isa = PBXBuildFile; fileRef = D62992C011AB2DDD00CE0FB0 /* UIDescendants.h */; };
		D629930011AB2DDD00CE0FB0 /* UIDescendants.m in Sources */ = {isa = PBXBuildFile; fileRef = D62992C111AB2DDD00CE0FB0 /* UIDescendants.m */; };
		D629930111AB2DDD00CE0FB0 /* UIExpectation.h in Headers */ = {isa = PBXBuildFile; fileRef = D62992C211AB2DDD00CE0FB0 /* UIExpectation.h */; };
		D629930211AB2DDD00CE0FB0 /* UIExpectation.m in Sources */ = {isa = PBXBuildFile; fileRef = D62992C311AB2DDD00CE0FB0 /* UIExpectation.m */; };
		D629930311AB2DDD00CE0FB0 /* UIFilter.h in Headers */ = {isa = PBXBuildFile; fileRef = D62992C411AB2DDD00CE0FB0 /* UIFilter.h */; };
		D629930411AB2DDD00CE0FB0 /* UIFilter.m in Sources */ = {isa = PBXBuildFile; fileRef = D62992C511AB2DDD00CE0FB0 /* UIFilter.m */; };
		D629930511AB2DDD00CE0FB0 /* UILog.h in Headers */ = {isa = PBXBuildFile; fileRef = D62992C611AB2DDD00CE0FB0 /* UILog.h */; };
		D629930611AB2DDD00CE0FB0 /* UIMatcher.h in Headers */ = {isa = PBXBuildFile; fileRef = D62992C711AB2DDD00CE0FB0 /* UIMatcher.h */; };
		D629930711AB2DDD00CE0FB0 /* UIMatcher.m in Sources */ = {isa = PBXBuildFile; fileRef = D62992C811AB2DDD00CE0FB0 /* UIMatcher.m */; };
		D629930811AB2DDD00CE0FB0 /* UIParents.h in Headers */ = {isa = PBXBuildFile; fileRef = D62992C911AB2DDD00CE0FB0 /* UIParents.h */; };
		D629930911AB2DDD00CE0FB0 /* UIParents.m in Sources */ = {isa = PBXBuildFile; fileRef = D62992CA11AB2DDD00CE0FB0 /* UIParents.m */; };
		D629930A11AB2DDD00CE0FB0 /* UIQuery.h in Headers */ = {isa = PBXBuildFile; fileRef = D62992CB11AB2DDD00CE0FB0 /* UIQuery.h */; };
		D629930B11AB2DDD00CE0FB0 /* UIQuery.m in Sources */ = {isa = PBXBuildFile; fileRef = D62992CC11AB2DDD00CE0FB0 /* UIQuery.m */; };
		D629930C11AB2DDD00CE0FB0 /* UIQueryAll.h in Headers */ = {isa = PBXBuildFile; fileRef = D62992CD11AB2DDD00CE0FB0 /* UIQueryAll.h */; };
		D629930D11AB2DDD00CE0FB0 /* UIQueryAll.m in Sources */ = {isa = PBXBuildFile; fileRef = D62992CE11AB2DDD00CE0FB0 /* UIQueryAll.m */; };
		D629930E11AB2DDD00CE0FB0 /* UIQueryExpectation.h in Headers */ = {isa = PBXBuildFile; fileRef = D62992CF11AB2DDD00CE0FB0 /* UIQueryExpectation.h */; };
		D629930F11AB2DDD00CE0FB0 /* UIQueryExpectation.m in Sources */ = {isa = PBXBuildFile; fileRef = D62992D011AB2DDD00CE0FB0 /* UIQueryExpectation.m */; };
		D629931011AB2DDD00CE0FB0 /* UIRedoer.h in Headers */ = {isa = PBXBuildFile; fileRef = D62992D111AB2DDD00CE0FB0 /* UIRedoer.h */; };
		D629931111AB2DDD00CE0FB0 /* UIRedoer.m in Sources */ = {isa = PBXBuildFile; fileRef = D62992D211AB2DDD00CE0FB0 /* UIRedoer.m */; };
		D629931211AB2DDD00CE0FB0 /* UISwizzle.h in Headers */ = {isa = PBXBuildFile; fileRef = D62992D311AB2DDD00CE0FB0 /* UISwizzle.h */; };
		D629931311AB2DDD00CE0FB0 /* UISwizzle.m in Sources */ = {isa = PBXBuildFile; fileRef = D62992D411AB2DDD00CE0FB0 /* UISwizzle.m */; };
		D629931411AB2DDD00CE0FB0 /* UITraversal.h in Headers */ = {isa = PBXBuildFile; fileRef = D62992D511AB2DDD00CE0FB0 /* UITraversal.h */; };
		D629931511AB2DDD00CE0FB0 /* UITraversal.m in Sources */ = {isa = PBXBuildFile; fileRef = D62992D611AB2DDD00CE0FB0 /* UITraversal.m */; };
		D629931611AB2DDD00CE0FB0 /* ViewFilterSwizzler.h in Headers */ = {isa = PBXBuildFile; fileRef = D62992D711AB2DDD00CE0FB0 /* ViewFilterSwizzler.h */; };
		D629931711AB2DDD00CE0FB0 /* ViewFilterSwizzler.m in Sources */ = {isa = PBXBuildFile; fileRef = D62992D811AB2DDD00CE0FB0 /* ViewFilterSwizzler.m */; };
		D629931811AB2DDD00CE0FB0 /* UISpec.h in Headers */ = {isa = PBXBuildFile; fileRef = D62992DA11AB2DDD00CE0FB0 /* UISpec.h */; };
		D629931911AB2DDD00CE0FB0 /* UISpec.m in Sources */ = {isa = PBXBuildFile; fileRef = D62992DB11AB2DDD00CE0FB0 /* UISpec.m */; };
		D629931A11AB2DDD00CE0FB0 /* CallCache.h in Headers */ = {isa = PBXBuildFile; fileRef = D62992DD11AB2DDD00CE0FB0 /* CallCache.h */; };
		D629931B11AB2DDD00CE0FB0 /* CallCache.m in Sources */ = {isa = PBXBuildFile; fileRef = D62992DE11AB2DDD00CE0FB0 /* CallCache.m */; };
		D629931C11AB2DDD00CE0FB0 /* NSNumberCreator.h in Headers */ = {isa = PBXBuildFile; fileRef = D62992DF11AB2DDD00CE0FB0 /* NSNumberCreator.h */; };
		D629931D11AB2DDD00CE0FB0 /* NSNumberCreator.m in Sources */ = {isa = PBXBuildFile; fileRef = D62992E011AB2DDD00CE0FB0 /* NSNumberCreator.m */; };
		D629931E11AB2DDD00CE0FB0 /* ReturnCacher.h in Headers */ = {isa = PBXBuildFile; fileRef = D62992E111AB2DDD00CE0FB0 /* ReturnCacher.h */; };
		D629931F11AB2DDD00CE0FB0 /* ReturnCacher.m in Sources */ = {isa = PBXBuildFile; fileRef = D62992E211AB2DDD00CE0FB0 /* ReturnCacher.m */; };
		D629932011AB2DDD00CE0FB0 /* UIBug.h in Headers */ = {isa = PBXBuildFile; fileRef = D62992E311AB2DDD00CE0FB0 /* UIBug.h */; };
		D629932111AB2DDD00CE0FB0 /* UIBug.m in Sources */ = {isa = PBXBuildFile; fileRef = D62992E411AB2DDD00CE0FB0 /* UIBug.m */; };
		D629932211AB2DDD00CE0FB0 /* UIConsole.h in Headers */ = {isa = PBXBuildFile; fileRef = D62992E511AB2DDD00CE0FB0 /* UIConsole.h */; };
		D629932311AB2DDD00CE0FB0 /* UIConsole.m in Sources */ = {isa = PBXBuildFile; fileRef = D62992E611AB2DDD00CE0FB0 /* UIConsole.m */; };
		D629932411AB2DDD00CE0FB0 /* UIInspector.h in Headers */ = {isa = PBXBuildFile; fileRef = D62992E711AB2DDD00CE0FB0 /* UIInspector.h */; };
		D629932511AB2DDD00CE0FB0 /* UIInspector.m in Sources */ = {isa = PBXBuildFile; fileRef = D62992E811AB2DDD00CE0FB0 /* UIInspector.m */; };
		D629932611AB2DDD00CE0FB0 /* UIProxy.h in Headers */ = {isa = PBXBuildFile; fileRef = D62992E911AB2DDD00CE0FB0 /* UIProxy.h */; };
		D629932711AB2DDD00CE0FB0 /* UIProxy.m in Sources */ = {isa = PBXBuildFile; fileRef = D62992EA11AB2DDD00CE0FB0 /* UIProxy.m */; };
		D629932811AB2DDD00CE0FB0 /* WaitUntilIdle.h in Headers */ = {isa = PBXBuildFile; fileRef = D62992EB11AB2DDD00CE0FB0 /* WaitUntilIdle.h */; };
		D629932911AB2DDD00CE0FB0 /* WaitUntilIdle.m in Sources */ = {isa = PBXBuildFile; fileRef = D62992EC11AB2DDD00CE0FB0 /* WaitUntilIdle.m */; };
		D629938011AB2DF300CE0FB0 /* UIKit.framework in Frameworks */ = {isa = PBXBuildFile; fileRef = D629937F11AB2DF300CE0FB0 /* UIKit.framework */; };
		D67F2AAD13F5E7FA00A0BFF1 /* AccessibilityCheckCommand.h in Headers */ = {isa = PBXBuildFile; fileRef = D67F2AAB13F5E7FA00A0BFF1 /* AccessibilityCheckCommand.h */; };
		D67F2AAE13F5E7FA00A0BFF1 /* AccessibilityCheckCommand.m in Sources */ = {isa = PBXBuildFile; fileRef = D67F2AAC13F5E7FA00A0BFF1 /* AccessibilityCheckCommand.m */; };
		D6C8BCC5137CD5E2000EF521 /* UIQueryScrollView.h in Headers */ = {isa = PBXBuildFile; fileRef = D6C8BCC3137CD5E2000EF521 /* UIQueryScrollView.h */; };
		D6C8BCC6137CD5E2000EF521 /* UIQueryScrollView.m in Sources */ = {isa = PBXBuildFile; fileRef = D6C8BCC4137CD5E2000EF521 /* UIQueryScrollView.m */; };
		D6D05CB311C883AA0081C5A5 /* DumpCommand.h in Headers */ = {isa = PBXBuildFile; fileRef = D6D05CA111C883AA0081C5A5 /* DumpCommand.h */; };
		D6D05CB411C883AA0081C5A5 /* DumpCommand.m in Sources */ = {isa = PBXBuildFile; fileRef = D6D05CA211C883AA0081C5A5 /* DumpCommand.m */; };
		D6D05CB511C883AA0081C5A5 /* FrankCommandRoute.h in Headers */ = {isa = PBXBuildFile; fileRef = D6D05CA311C883AA0081C5A5 /* FrankCommandRoute.h */; };
		D6D05CB611C883AA0081C5A5 /* FrankCommandRoute.m in Sources */ = {isa = PBXBuildFile; fileRef = D6D05CA411C883AA0081C5A5 /* FrankCommandRoute.m */; };
		D6D05CB711C883AA0081C5A5 /* FrankServer.h in Headers */ = {isa = PBXBuildFile; fileRef = D6D05CA511C883AA0081C5A5 /* FrankServer.h */; };
		D6D05CB811C883AA0081C5A5 /* FrankServer.m in Sources */ = {isa = PBXBuildFile; fileRef = D6D05CA611C883AA0081C5A5 /* FrankServer.m */; };
		D6D05CB911C883AA0081C5A5 /* MapOperationCommand.h in Headers */ = {isa = PBXBuildFile; fileRef = D6D05CA711C883AA0081C5A5 /* MapOperationCommand.h */; };
		D6D05CBA11C883AA0081C5A5 /* MapOperationCommand.m in Sources */ = {isa = PBXBuildFile; fileRef = D6D05CA811C883AA0081C5A5 /* MapOperationCommand.m */; };
		D6D05CBD11C883AA0081C5A5 /* RequestRouter.h in Headers */ = {isa = PBXBuildFile; fileRef = D6D05CAB11C883AA0081C5A5 /* RequestRouter.h */; };
		D6D05CBE11C883AA0081C5A5 /* RequestRouter.m in Sources */ = {isa = PBXBuildFile; fileRef = D6D05CAC11C883AA0081C5A5 /* RequestRouter.m */; };
		D6D05CBF11C883AA0081C5A5 /* RoutingHTTPConnection.h in Headers */ = {isa = PBXBuildFile; fileRef = D6D05CAD11C883AA0081C5A5 /* RoutingHTTPConnection.h */; };
		D6D05CC011C883AA0081C5A5 /* RoutingHTTPConnection.m in Sources */ = {isa = PBXBuildFile; fileRef = D6D05CAE11C883AA0081C5A5 /* RoutingHTTPConnection.m */; };
		D6D05CC111C883AA0081C5A5 /* StaticResourcesRoute.h in Headers */ = {isa = PBXBuildFile; fileRef = D6D05CAF11C883AA0081C5A5 /* StaticResourcesRoute.h */; };
		D6D05CC211C883AA0081C5A5 /* StaticResourcesRoute.m in Sources */ = {isa = PBXBuildFile; fileRef = D6D05CB011C883AA0081C5A5 /* StaticResourcesRoute.m */; };
		D6D05CC311C883AA0081C5A5 /* UISpecCommandReceiver.h in Headers */ = {isa = PBXBuildFile; fileRef = D6D05CB111C883AA0081C5A5 /* UISpecCommandReceiver.h */; };
		D6D05CC411C883AA0081C5A5 /* UISpecCommandReceiver.m in Sources */ = {isa = PBXBuildFile; fileRef = D6D05CB211C883AA0081C5A5 /* UISpecCommandReceiver.m */; };
		D6D79B5D11D7FB8B003E0E60 /* Operation.h in Headers */ = {isa = PBXBuildFile; fileRef = D6D79B5B11D7FB8B003E0E60 /* Operation.h */; };
		D6D79B5E11D7FB8B003E0E60 /* Operation.m in Sources */ = {isa = PBXBuildFile; fileRef = D6D79B5C11D7FB8B003E0E60 /* Operation.m */; };
		D6E7B47A11B36D42005CAA34 /* JSON.h in Headers */ = {isa = PBXBuildFile; fileRef = D6E7B46D11B36D42005CAA34 /* JSON.h */; };
		D6E7B47B11B36D42005CAA34 /* NSObject+SBJSON.h in Headers */ = {isa = PBXBuildFile; fileRef = D6E7B46E11B36D42005CAA34 /* NSObject+SBJSON.h */; };
		D6E7B47C11B36D42005CAA34 /* NSObject+SBJSON.m in Sources */ = {isa = PBXBuildFile; fileRef = D6E7B46F11B36D42005CAA34 /* NSObject+SBJSON.m */; };
		D6E7B47D11B36D42005CAA34 /* NSString+SBJSON.h in Headers */ = {isa = PBXBuildFile; fileRef = D6E7B47011B36D42005CAA34 /* NSString+SBJSON.h */; };
		D6E7B47E11B36D42005CAA34 /* NSString+SBJSON.m in Sources */ = {isa = PBXBuildFile; fileRef = D6E7B47111B36D42005CAA34 /* NSString+SBJSON.m */; };
		D6E7B47F11B36D42005CAA34 /* SBJSON.h in Headers */ = {isa = PBXBuildFile; fileRef = D6E7B47211B36D42005CAA34 /* SBJSON.h */; };
		D6E7B48011B36D42005CAA34 /* SBJSON.m in Sources */ = {isa = PBXBuildFile; fileRef = D6E7B47311B36D42005CAA34 /* SBJSON.m */; };
		D6E7B48111B36D42005CAA34 /* SBJsonBase.h in Headers */ = {isa = PBXBuildFile; fileRef = D6E7B47411B36D42005CAA34 /* SBJsonBase.h */; };
		D6E7B48211B36D42005CAA34 /* SBJsonBase.m in Sources */ = {isa = PBXBuildFile; fileRef = D6E7B47511B36D42005CAA34 /* SBJsonBase.m */; };
		D6E7B48311B36D42005CAA34 /* SBJsonParser.h in Headers */ = {isa = PBXBuildFile; fileRef = D6E7B47611B36D42005CAA34 /* SBJsonParser.h */; };
		D6E7B48411B36D42005CAA34 /* SBJsonParser.m in Sources */ = {isa = PBXBuildFile; fileRef = D6E7B47711B36D42005CAA34 /* SBJsonParser.m */; };
		D6E7B48511B36D42005CAA34 /* SBJsonWriter.h in Headers */ = {isa = PBXBuildFile; fileRef = D6E7B47811B36D42005CAA34 /* SBJsonWriter.h */; };
		D6E7B48611B36D42005CAA34 /* SBJsonWriter.m in Sources */ = {isa = PBXBuildFile; fileRef = D6E7B47911B36D42005CAA34 /* SBJsonWriter.m */; };
/* End PBXBuildFile section */

/* Begin PBXFileReference section */
		4C1DD76812BADFE100E10B8C /* OrientationCommand.m */ = {isa = PBXFileReference; fileEncoding = 4; lastKnownFileType = sourcecode.c.objc; name = OrientationCommand.m; path = src/OrientationCommand.m; sourceTree = "<group>"; };
		4C1DD76912BADFE100E10B8C /* OrientationCommand.h */ = {isa = PBXFileReference; fileEncoding = 4; lastKnownFileType = sourcecode.c.h; name = OrientationCommand.h; path = src/OrientationCommand.h; sourceTree = "<group>"; };
		4C1DD76A12BADFE100E10B8C /* AppCommand.m */ = {isa = PBXFileReference; fileEncoding = 4; lastKnownFileType = sourcecode.c.objc; name = AppCommand.m; path = src/AppCommand.m; sourceTree = "<group>"; };
		4C1DD76B12BADFE100E10B8C /* AppCommand.h */ = {isa = PBXFileReference; fileEncoding = 4; lastKnownFileType = sourcecode.c.h; name = AppCommand.h; path = src/AppCommand.h; sourceTree = "<group>"; };
		AA747D9E0F9514B9006C5449 /* Frank_Prefix.pch */ = {isa = PBXFileReference; fileEncoding = 4; lastKnownFileType = sourcecode.c.h; path = Frank_Prefix.pch; sourceTree = SOURCE_ROOT; };
		AACBBE490F95108600F1A2B1 /* Foundation.framework */ = {isa = PBXFileReference; lastKnownFileType = wrapper.framework; name = Foundation.framework; path = System/Library/Frameworks/Foundation.framework; sourceTree = SDKROOT; };
		D2AAC07E0554694100DB518D /* libFrank.a */ = {isa = PBXFileReference; explicitFileType = archive.ar; includeInIndex = 0; path = libFrank.a; sourceTree = BUILT_PRODUCTS_DIR; };
		D629926911AB2D1F00CE0FB0 /* AsyncSocket.h */ = {isa = PBXFileReference; fileEncoding = 4; lastKnownFileType = sourcecode.c.h; name = AsyncSocket.h; path = lib/cocoahttpserver/AsyncSocket.h; sourceTree = "<group>"; };
		D629926A11AB2D1F00CE0FB0 /* AsyncSocket.m */ = {isa = PBXFileReference; fileEncoding = 4; lastKnownFileType = sourcecode.c.objc; name = AsyncSocket.m; path = lib/cocoahttpserver/AsyncSocket.m; sourceTree = "<group>"; };
		D629927111AB2D4C00CE0FB0 /* DDData.h */ = {isa = PBXFileReference; fileEncoding = 4; lastKnownFileType = sourcecode.c.h; name = DDData.h; path = lib/cocoahttpserver/DDData.h; sourceTree = "<group>"; };
		D629927211AB2D4C00CE0FB0 /* DDData.m */ = {isa = PBXFileReference; fileEncoding = 4; lastKnownFileType = sourcecode.c.objc; name = DDData.m; path = lib/cocoahttpserver/DDData.m; sourceTree = "<group>"; };
		D629927311AB2D4C00CE0FB0 /* DDNumber.h */ = {isa = PBXFileReference; fileEncoding = 4; lastKnownFileType = sourcecode.c.h; name = DDNumber.h; path = lib/cocoahttpserver/DDNumber.h; sourceTree = "<group>"; };
		D629927411AB2D4C00CE0FB0 /* DDNumber.m */ = {isa = PBXFileReference; fileEncoding = 4; lastKnownFileType = sourcecode.c.objc; name = DDNumber.m; path = lib/cocoahttpserver/DDNumber.m; sourceTree = "<group>"; };
		D629927511AB2D4C00CE0FB0 /* DDRange.h */ = {isa = PBXFileReference; fileEncoding = 4; lastKnownFileType = sourcecode.c.h; name = DDRange.h; path = lib/cocoahttpserver/DDRange.h; sourceTree = "<group>"; };
		D629927611AB2D4C00CE0FB0 /* DDRange.m */ = {isa = PBXFileReference; fileEncoding = 4; lastKnownFileType = sourcecode.c.objc; name = DDRange.m; path = lib/cocoahttpserver/DDRange.m; sourceTree = "<group>"; };
		D629927711AB2D4C00CE0FB0 /* HTTPAuthenticationRequest.h */ = {isa = PBXFileReference; fileEncoding = 4; lastKnownFileType = sourcecode.c.h; name = HTTPAuthenticationRequest.h; path = lib/cocoahttpserver/HTTPAuthenticationRequest.h; sourceTree = "<group>"; };
		D629927811AB2D4C00CE0FB0 /* HTTPAuthenticationRequest.m */ = {isa = PBXFileReference; fileEncoding = 4; lastKnownFileType = sourcecode.c.objc; name = HTTPAuthenticationRequest.m; path = lib/cocoahttpserver/HTTPAuthenticationRequest.m; sourceTree = "<group>"; };
		D629927911AB2D4C00CE0FB0 /* HTTPConnection.h */ = {isa = PBXFileReference; fileEncoding = 4; lastKnownFileType = sourcecode.c.h; name = HTTPConnection.h; path = lib/cocoahttpserver/HTTPConnection.h; sourceTree = "<group>"; };
		D629927A11AB2D4C00CE0FB0 /* HTTPConnection.m */ = {isa = PBXFileReference; fileEncoding = 4; lastKnownFileType = sourcecode.c.objc; name = HTTPConnection.m; path = lib/cocoahttpserver/HTTPConnection.m; sourceTree = "<group>"; };
		D629927B11AB2D4C00CE0FB0 /* HTTPResponse.h */ = {isa = PBXFileReference; fileEncoding = 4; lastKnownFileType = sourcecode.c.h; name = HTTPResponse.h; path = lib/cocoahttpserver/HTTPResponse.h; sourceTree = "<group>"; };
		D629927C11AB2D4C00CE0FB0 /* HTTPResponse.m */ = {isa = PBXFileReference; fileEncoding = 4; lastKnownFileType = sourcecode.c.objc; name = HTTPResponse.m; path = lib/cocoahttpserver/HTTPResponse.m; sourceTree = "<group>"; };
		D629927D11AB2D4C00CE0FB0 /* HTTPServer.h */ = {isa = PBXFileReference; fileEncoding = 4; lastKnownFileType = sourcecode.c.h; name = HTTPServer.h; path = lib/cocoahttpserver/HTTPServer.h; sourceTree = "<group>"; };
		D629927E11AB2D4C00CE0FB0 /* HTTPServer.m */ = {isa = PBXFileReference; fileEncoding = 4; lastKnownFileType = sourcecode.c.objc; name = HTTPServer.m; path = lib/cocoahttpserver/HTTPServer.m; sourceTree = "<group>"; };
		D629927F11AB2D4C00CE0FB0 /* MyHTTPConnection.h */ = {isa = PBXFileReference; fileEncoding = 4; lastKnownFileType = sourcecode.c.h; name = MyHTTPConnection.h; path = lib/cocoahttpserver/MyHTTPConnection.h; sourceTree = "<group>"; };
		D629928011AB2D4C00CE0FB0 /* MyHTTPConnection.m */ = {isa = PBXFileReference; fileEncoding = 4; lastKnownFileType = sourcecode.c.objc; name = MyHTTPConnection.m; path = lib/cocoahttpserver/MyHTTPConnection.m; sourceTree = "<group>"; };
		D62992AD11AB2DDD00CE0FB0 /* UIQuerySearchBar.h */ = {isa = PBXFileReference; fileEncoding = 4; lastKnownFileType = sourcecode.c.h; path = UIQuerySearchBar.h; sourceTree = "<group>"; };
		D62992AE11AB2DDD00CE0FB0 /* UIQuerySearchBar.m */ = {isa = PBXFileReference; fileEncoding = 4; lastKnownFileType = sourcecode.c.objc; path = UIQuerySearchBar.m; sourceTree = "<group>"; };
		D62992AF11AB2DDD00CE0FB0 /* UIQuerySegmentedControl.h */ = {isa = PBXFileReference; fileEncoding = 4; lastKnownFileType = sourcecode.c.h; path = UIQuerySegmentedControl.h; sourceTree = "<group>"; };
		D62992B011AB2DDD00CE0FB0 /* UIQuerySegmentedControl.m */ = {isa = PBXFileReference; fileEncoding = 4; lastKnownFileType = sourcecode.c.objc; path = UIQuerySegmentedControl.m; sourceTree = "<group>"; };
		D62992B111AB2DDD00CE0FB0 /* UIQueryTabBar.h */ = {isa = PBXFileReference; fileEncoding = 4; lastKnownFileType = sourcecode.c.h; path = UIQueryTabBar.h; sourceTree = "<group>"; };
		D62992B211AB2DDD00CE0FB0 /* UIQueryTabBar.m */ = {isa = PBXFileReference; fileEncoding = 4; lastKnownFileType = sourcecode.c.objc; path = UIQueryTabBar.m; sourceTree = "<group>"; };
		D62992B311AB2DDD00CE0FB0 /* UIQueryTableView.h */ = {isa = PBXFileReference; fileEncoding = 4; lastKnownFileType = sourcecode.c.h; path = UIQueryTableView.h; sourceTree = "<group>"; };
		D62992B411AB2DDD00CE0FB0 /* UIQueryTableView.m */ = {isa = PBXFileReference; fileEncoding = 4; lastKnownFileType = sourcecode.c.objc; path = UIQueryTableView.m; sourceTree = "<group>"; };
		D62992B511AB2DDD00CE0FB0 /* UIQueryTableViewCell.h */ = {isa = PBXFileReference; fileEncoding = 4; lastKnownFileType = sourcecode.c.h; path = UIQueryTableViewCell.h; sourceTree = "<group>"; };
		D62992B611AB2DDD00CE0FB0 /* UIQueryTableViewCell.m */ = {isa = PBXFileReference; fileEncoding = 4; lastKnownFileType = sourcecode.c.objc; path = UIQueryTableViewCell.m; sourceTree = "<group>"; };
		D62992B711AB2DDD00CE0FB0 /* UIQueryWebView.h */ = {isa = PBXFileReference; fileEncoding = 4; lastKnownFileType = sourcecode.c.h; path = UIQueryWebView.h; sourceTree = "<group>"; };
		D62992B811AB2DDD00CE0FB0 /* UIQueryWebView.m */ = {isa = PBXFileReference; fileEncoding = 4; lastKnownFileType = sourcecode.c.objc; path = UIQueryWebView.m; sourceTree = "<group>"; };
		D62992BA11AB2DDD00CE0FB0 /* Recordable.h */ = {isa = PBXFileReference; fileEncoding = 4; lastKnownFileType = sourcecode.c.h; path = Recordable.h; sourceTree = "<group>"; };
		D62992BB11AB2DDD00CE0FB0 /* Recordable.m */ = {isa = PBXFileReference; fileEncoding = 4; lastKnownFileType = sourcecode.c.objc; path = Recordable.m; sourceTree = "<group>"; };
		D62992BC11AB2DDD00CE0FB0 /* UIChildren.h */ = {isa = PBXFileReference; fileEncoding = 4; lastKnownFileType = sourcecode.c.h; path = UIChildren.h; sourceTree = "<group>"; };
		D62992BD11AB2DDD00CE0FB0 /* UIChildren.m */ = {isa = PBXFileReference; fileEncoding = 4; lastKnownFileType = sourcecode.c.objc; path = UIChildren.m; sourceTree = "<group>"; };
		D62992BE11AB2DDD00CE0FB0 /* UIConsoleLog.h */ = {isa = PBXFileReference; fileEncoding = 4; lastKnownFileType = sourcecode.c.h; path = UIConsoleLog.h; sourceTree = "<group>"; };
		D62992BF11AB2DDD00CE0FB0 /* UIConsoleLog.m */ = {isa = PBXFileReference; fileEncoding = 4; lastKnownFileType = sourcecode.c.objc; path = UIConsoleLog.m; sourceTree = "<group>"; };
		D62992C011AB2DDD00CE0FB0 /* UIDescendants.h */ = {isa = PBXFileReference; fileEncoding = 4; lastKnownFileType = sourcecode.c.h; path = UIDescendants.h; sourceTree = "<group>"; };
		D62992C111AB2DDD00CE0FB0 /* UIDescendants.m */ = {isa = PBXFileReference; fileEncoding = 4; lastKnownFileType = sourcecode.c.objc; path = UIDescendants.m; sourceTree = "<group>"; };
		D62992C211AB2DDD00CE0FB0 /* UIExpectation.h */ = {isa = PBXFileReference; fileEncoding = 4; lastKnownFileType = sourcecode.c.h; path = UIExpectation.h; sourceTree = "<group>"; };
		D62992C311AB2DDD00CE0FB0 /* UIExpectation.m */ = {isa = PBXFileReference; fileEncoding = 4; lastKnownFileType = sourcecode.c.objc; path = UIExpectation.m; sourceTree = "<group>"; };
		D62992C411AB2DDD00CE0FB0 /* UIFilter.h */ = {isa = PBXFileReference; fileEncoding = 4; lastKnownFileType = sourcecode.c.h; path = UIFilter.h; sourceTree = "<group>"; };
		D62992C511AB2DDD00CE0FB0 /* UIFilter.m */ = {isa = PBXFileReference; fileEncoding = 4; lastKnownFileType = sourcecode.c.objc; path = UIFilter.m; sourceTree = "<group>"; };
		D62992C611AB2DDD00CE0FB0 /* UILog.h */ = {isa = PBXFileReference; fileEncoding = 4; lastKnownFileType = sourcecode.c.h; path = UILog.h; sourceTree = "<group>"; };
		D62992C711AB2DDD00CE0FB0 /* UIMatcher.h */ = {isa = PBXFileReference; fileEncoding = 4; lastKnownFileType = sourcecode.c.h; path = UIMatcher.h; sourceTree = "<group>"; };
		D62992C811AB2DDD00CE0FB0 /* UIMatcher.m */ = {isa = PBXFileReference; fileEncoding = 4; lastKnownFileType = sourcecode.c.objc; path = UIMatcher.m; sourceTree = "<group>"; };
		D62992C911AB2DDD00CE0FB0 /* UIParents.h */ = {isa = PBXFileReference; fileEncoding = 4; lastKnownFileType = sourcecode.c.h; path = UIParents.h; sourceTree = "<group>"; };
		D62992CA11AB2DDD00CE0FB0 /* UIParents.m */ = {isa = PBXFileReference; fileEncoding = 4; lastKnownFileType = sourcecode.c.objc; path = UIParents.m; sourceTree = "<group>"; };
		D62992CB11AB2DDD00CE0FB0 /* UIQuery.h */ = {isa = PBXFileReference; fileEncoding = 4; lastKnownFileType = sourcecode.c.h; path = UIQuery.h; sourceTree = "<group>"; };
		D62992CC11AB2DDD00CE0FB0 /* UIQuery.m */ = {isa = PBXFileReference; fileEncoding = 4; lastKnownFileType = sourcecode.c.objc; path = UIQuery.m; sourceTree = "<group>"; };
		D62992CD11AB2DDD00CE0FB0 /* UIQueryAll.h */ = {isa = PBXFileReference; fileEncoding = 4; lastKnownFileType = sourcecode.c.h; path = UIQueryAll.h; sourceTree = "<group>"; };
		D62992CE11AB2DDD00CE0FB0 /* UIQueryAll.m */ = {isa = PBXFileReference; fileEncoding = 4; lastKnownFileType = sourcecode.c.objc; path = UIQueryAll.m; sourceTree = "<group>"; };
		D62992CF11AB2DDD00CE0FB0 /* UIQueryExpectation.h */ = {isa = PBXFileReference; fileEncoding = 4; lastKnownFileType = sourcecode.c.h; path = UIQueryExpectation.h; sourceTree = "<group>"; };
		D62992D011AB2DDD00CE0FB0 /* UIQueryExpectation.m */ = {isa = PBXFileReference; fileEncoding = 4; lastKnownFileType = sourcecode.c.objc; path = UIQueryExpectation.m; sourceTree = "<group>"; };
		D62992D111AB2DDD00CE0FB0 /* UIRedoer.h */ = {isa = PBXFileReference; fileEncoding = 4; lastKnownFileType = sourcecode.c.h; path = UIRedoer.h; sourceTree = "<group>"; };
		D62992D211AB2DDD00CE0FB0 /* UIRedoer.m */ = {isa = PBXFileReference; fileEncoding = 4; lastKnownFileType = sourcecode.c.objc; path = UIRedoer.m; sourceTree = "<group>"; };
		D62992D311AB2DDD00CE0FB0 /* UISwizzle.h */ = {isa = PBXFileReference; fileEncoding = 4; lastKnownFileType = sourcecode.c.h; path = UISwizzle.h; sourceTree = "<group>"; };
		D62992D411AB2DDD00CE0FB0 /* UISwizzle.m */ = {isa = PBXFileReference; fileEncoding = 4; lastKnownFileType = sourcecode.c.objc; path = UISwizzle.m; sourceTree = "<group>"; };
		D62992D511AB2DDD00CE0FB0 /* UITraversal.h */ = {isa = PBXFileReference; fileEncoding = 4; lastKnownFileType = sourcecode.c.h; path = UITraversal.h; sourceTree = "<group>"; };
		D62992D611AB2DDD00CE0FB0 /* UITraversal.m */ = {isa = PBXFileReference; fileEncoding = 4; lastKnownFileType = sourcecode.c.objc; path = UITraversal.m; sourceTree = "<group>"; };
		D62992D711AB2DDD00CE0FB0 /* ViewFilterSwizzler.h */ = {isa = PBXFileReference; fileEncoding = 4; lastKnownFileType = sourcecode.c.h; path = ViewFilterSwizzler.h; sourceTree = "<group>"; };
		D62992D811AB2DDD00CE0FB0 /* ViewFilterSwizzler.m */ = {isa = PBXFileReference; fileEncoding = 4; lastKnownFileType = sourcecode.c.objc; path = ViewFilterSwizzler.m; sourceTree = "<group>"; };
		D62992D911AB2DDD00CE0FB0 /* UISpec.bundle */ = {isa = PBXFileReference; lastKnownFileType = "wrapper.plug-in"; path = UISpec.bundle; sourceTree = "<group>"; };
		D62992DA11AB2DDD00CE0FB0 /* UISpec.h */ = {isa = PBXFileReference; fileEncoding = 4; lastKnownFileType = sourcecode.c.h; path = UISpec.h; sourceTree = "<group>"; };
		D62992DB11AB2DDD00CE0FB0 /* UISpec.m */ = {isa = PBXFileReference; fileEncoding = 4; lastKnownFileType = sourcecode.c.objc; path = UISpec.m; sourceTree = "<group>"; };
		D62992DD11AB2DDD00CE0FB0 /* CallCache.h */ = {isa = PBXFileReference; fileEncoding = 4; lastKnownFileType = sourcecode.c.h; path = CallCache.h; sourceTree = "<group>"; };
		D62992DE11AB2DDD00CE0FB0 /* CallCache.m */ = {isa = PBXFileReference; fileEncoding = 4; lastKnownFileType = sourcecode.c.objc; path = CallCache.m; sourceTree = "<group>"; };
		D62992DF11AB2DDD00CE0FB0 /* NSNumberCreator.h */ = {isa = PBXFileReference; fileEncoding = 4; lastKnownFileType = sourcecode.c.h; path = NSNumberCreator.h; sourceTree = "<group>"; };
		D62992E011AB2DDD00CE0FB0 /* NSNumberCreator.m */ = {isa = PBXFileReference; fileEncoding = 4; lastKnownFileType = sourcecode.c.objc; path = NSNumberCreator.m; sourceTree = "<group>"; };
		D62992E111AB2DDD00CE0FB0 /* ReturnCacher.h */ = {isa = PBXFileReference; fileEncoding = 4; lastKnownFileType = sourcecode.c.h; path = ReturnCacher.h; sourceTree = "<group>"; };
		D62992E211AB2DDD00CE0FB0 /* ReturnCacher.m */ = {isa = PBXFileReference; fileEncoding = 4; lastKnownFileType = sourcecode.c.objc; path = ReturnCacher.m; sourceTree = "<group>"; };
		D62992E311AB2DDD00CE0FB0 /* UIBug.h */ = {isa = PBXFileReference; fileEncoding = 4; lastKnownFileType = sourcecode.c.h; path = UIBug.h; sourceTree = "<group>"; };
		D62992E411AB2DDD00CE0FB0 /* UIBug.m */ = {isa = PBXFileReference; fileEncoding = 4; lastKnownFileType = sourcecode.c.objc; path = UIBug.m; sourceTree = "<group>"; };
		D62992E511AB2DDD00CE0FB0 /* UIConsole.h */ = {isa = PBXFileReference; fileEncoding = 4; lastKnownFileType = sourcecode.c.h; path = UIConsole.h; sourceTree = "<group>"; };
		D62992E611AB2DDD00CE0FB0 /* UIConsole.m */ = {isa = PBXFileReference; fileEncoding = 4; lastKnownFileType = sourcecode.c.objc; path = UIConsole.m; sourceTree = "<group>"; };
		D62992E711AB2DDD00CE0FB0 /* UIInspector.h */ = {isa = PBXFileReference; fileEncoding = 4; lastKnownFileType = sourcecode.c.h; path = UIInspector.h; sourceTree = "<group>"; };
		D62992E811AB2DDD00CE0FB0 /* UIInspector.m */ = {isa = PBXFileReference; fileEncoding = 4; lastKnownFileType = sourcecode.c.objc; path = UIInspector.m; sourceTree = "<group>"; };
		D62992E911AB2DDD00CE0FB0 /* UIProxy.h */ = {isa = PBXFileReference; fileEncoding = 4; lastKnownFileType = sourcecode.c.h; path = UIProxy.h; sourceTree = "<group>"; };
		D62992EA11AB2DDD00CE0FB0 /* UIProxy.m */ = {isa = PBXFileReference; fileEncoding = 4; lastKnownFileType = sourcecode.c.objc; path = UIProxy.m; sourceTree = "<group>"; };
		D62992EB11AB2DDD00CE0FB0 /* WaitUntilIdle.h */ = {isa = PBXFileReference; fileEncoding = 4; lastKnownFileType = sourcecode.c.h; path = WaitUntilIdle.h; sourceTree = "<group>"; };
		D62992EC11AB2DDD00CE0FB0 /* WaitUntilIdle.m */ = {isa = PBXFileReference; fileEncoding = 4; lastKnownFileType = sourcecode.c.objc; path = WaitUntilIdle.m; sourceTree = "<group>"; };
		D629937F11AB2DF300CE0FB0 /* UIKit.framework */ = {isa = PBXFileReference; lastKnownFileType = wrapper.framework; name = UIKit.framework; path = System/Library/Frameworks/UIKit.framework; sourceTree = SDKROOT; };
		D62AEFAA11B4897B00B824F3 /* env.rb */ = {isa = PBXFileReference; fileEncoding = 4; lastKnownFileType = text.script.ruby; path = env.rb; sourceTree = "<group>"; };
		D62AEFAB11B4897B00B824F3 /* frank_helper.rb */ = {isa = PBXFileReference; fileEncoding = 4; lastKnownFileType = text.script.ruby; path = frank_helper.rb; sourceTree = "<group>"; };
		D6782D8511BC423900FD0CE1 /* frank_static_resources.bundle */ = {isa = PBXFileReference; lastKnownFileType = "wrapper.plug-in"; path = frank_static_resources.bundle; sourceTree = "<group>"; };
		D67F2AAB13F5E7FA00A0BFF1 /* AccessibilityCheckCommand.h */ = {isa = PBXFileReference; fileEncoding = 4; lastKnownFileType = sourcecode.c.h; name = AccessibilityCheckCommand.h; path = src/AccessibilityCheckCommand.h; sourceTree = "<group>"; };
		D67F2AAC13F5E7FA00A0BFF1 /* AccessibilityCheckCommand.m */ = {isa = PBXFileReference; fileEncoding = 4; lastKnownFileType = sourcecode.c.objc; name = AccessibilityCheckCommand.m; path = src/AccessibilityCheckCommand.m; sourceTree = "<group>"; };
		D6C8BCC3137CD5E2000EF521 /* UIQueryScrollView.h */ = {isa = PBXFileReference; fileEncoding = 4; lastKnownFileType = sourcecode.c.h; path = UIQueryScrollView.h; sourceTree = "<group>"; };
		D6C8BCC4137CD5E2000EF521 /* UIQueryScrollView.m */ = {isa = PBXFileReference; fileEncoding = 4; lastKnownFileType = sourcecode.c.objc; path = UIQueryScrollView.m; sourceTree = "<group>"; };
		D6D05CA111C883AA0081C5A5 /* DumpCommand.h */ = {isa = PBXFileReference; fileEncoding = 4; lastKnownFileType = sourcecode.c.h; name = DumpCommand.h; path = src/DumpCommand.h; sourceTree = "<group>"; };
		D6D05CA211C883AA0081C5A5 /* DumpCommand.m */ = {isa = PBXFileReference; fileEncoding = 4; lastKnownFileType = sourcecode.c.objc; name = DumpCommand.m; path = src/DumpCommand.m; sourceTree = "<group>"; };
		D6D05CA311C883AA0081C5A5 /* FrankCommandRoute.h */ = {isa = PBXFileReference; fileEncoding = 4; lastKnownFileType = sourcecode.c.h; name = FrankCommandRoute.h; path = src/FrankCommandRoute.h; sourceTree = "<group>"; };
		D6D05CA411C883AA0081C5A5 /* FrankCommandRoute.m */ = {isa = PBXFileReference; fileEncoding = 4; lastKnownFileType = sourcecode.c.objc; name = FrankCommandRoute.m; path = src/FrankCommandRoute.m; sourceTree = "<group>"; };
		D6D05CA511C883AA0081C5A5 /* FrankServer.h */ = {isa = PBXFileReference; fileEncoding = 4; lastKnownFileType = sourcecode.c.h; name = FrankServer.h; path = src/FrankServer.h; sourceTree = "<group>"; };
		D6D05CA611C883AA0081C5A5 /* FrankServer.m */ = {isa = PBXFileReference; fileEncoding = 4; lastKnownFileType = sourcecode.c.objc; name = FrankServer.m; path = src/FrankServer.m; sourceTree = "<group>"; };
		D6D05CA711C883AA0081C5A5 /* MapOperationCommand.h */ = {isa = PBXFileReference; fileEncoding = 4; lastKnownFileType = sourcecode.c.h; name = MapOperationCommand.h; path = src/MapOperationCommand.h; sourceTree = "<group>"; };
		D6D05CA811C883AA0081C5A5 /* MapOperationCommand.m */ = {isa = PBXFileReference; fileEncoding = 4; lastKnownFileType = sourcecode.c.objc; name = MapOperationCommand.m; path = src/MapOperationCommand.m; sourceTree = "<group>"; };
		D6D05CAB11C883AA0081C5A5 /* RequestRouter.h */ = {isa = PBXFileReference; fileEncoding = 4; lastKnownFileType = sourcecode.c.h; name = RequestRouter.h; path = src/RequestRouter.h; sourceTree = "<group>"; };
		D6D05CAC11C883AA0081C5A5 /* RequestRouter.m */ = {isa = PBXFileReference; fileEncoding = 4; lastKnownFileType = sourcecode.c.objc; name = RequestRouter.m; path = src/RequestRouter.m; sourceTree = "<group>"; };
		D6D05CAD11C883AA0081C5A5 /* RoutingHTTPConnection.h */ = {isa = PBXFileReference; fileEncoding = 4; lastKnownFileType = sourcecode.c.h; name = RoutingHTTPConnection.h; path = src/RoutingHTTPConnection.h; sourceTree = "<group>"; };
		D6D05CAE11C883AA0081C5A5 /* RoutingHTTPConnection.m */ = {isa = PBXFileReference; fileEncoding = 4; lastKnownFileType = sourcecode.c.objc; name = RoutingHTTPConnection.m; path = src/RoutingHTTPConnection.m; sourceTree = "<group>"; };
		D6D05CAF11C883AA0081C5A5 /* StaticResourcesRoute.h */ = {isa = PBXFileReference; fileEncoding = 4; lastKnownFileType = sourcecode.c.h; name = StaticResourcesRoute.h; path = src/StaticResourcesRoute.h; sourceTree = "<group>"; };
		D6D05CB011C883AA0081C5A5 /* StaticResourcesRoute.m */ = {isa = PBXFileReference; fileEncoding = 4; lastKnownFileType = sourcecode.c.objc; name = StaticResourcesRoute.m; path = src/StaticResourcesRoute.m; sourceTree = "<group>"; };
		D6D05CB111C883AA0081C5A5 /* UISpecCommandReceiver.h */ = {isa = PBXFileReference; fileEncoding = 4; lastKnownFileType = sourcecode.c.h; name = UISpecCommandReceiver.h; path = src/UISpecCommandReceiver.h; sourceTree = "<group>"; };
		D6D05CB211C883AA0081C5A5 /* UISpecCommandReceiver.m */ = {isa = PBXFileReference; fileEncoding = 4; lastKnownFileType = sourcecode.c.objc; name = UISpecCommandReceiver.m; path = src/UISpecCommandReceiver.m; sourceTree = "<group>"; };
		D6D79B5B11D7FB8B003E0E60 /* Operation.h */ = {isa = PBXFileReference; fileEncoding = 4; lastKnownFileType = sourcecode.c.h; name = Operation.h; path = src/Operation.h; sourceTree = "<group>"; };
		D6D79B5C11D7FB8B003E0E60 /* Operation.m */ = {isa = PBXFileReference; fileEncoding = 4; lastKnownFileType = sourcecode.c.objc; name = Operation.m; path = src/Operation.m; sourceTree = "<group>"; };
		D6E7B46D11B36D42005CAA34 /* JSON.h */ = {isa = PBXFileReference; fileEncoding = 4; lastKnownFileType = sourcecode.c.h; path = JSON.h; sourceTree = "<group>"; };
		D6E7B46E11B36D42005CAA34 /* NSObject+SBJSON.h */ = {isa = PBXFileReference; fileEncoding = 4; lastKnownFileType = sourcecode.c.h; path = "NSObject+SBJSON.h"; sourceTree = "<group>"; };
		D6E7B46F11B36D42005CAA34 /* NSObject+SBJSON.m */ = {isa = PBXFileReference; fileEncoding = 4; lastKnownFileType = sourcecode.c.objc; path = "NSObject+SBJSON.m"; sourceTree = "<group>"; };
		D6E7B47011B36D42005CAA34 /* NSString+SBJSON.h */ = {isa = PBXFileReference; fileEncoding = 4; lastKnownFileType = sourcecode.c.h; path = "NSString+SBJSON.h"; sourceTree = "<group>"; };
		D6E7B47111B36D42005CAA34 /* NSString+SBJSON.m */ = {isa = PBXFileReference; fileEncoding = 4; lastKnownFileType = sourcecode.c.objc; path = "NSString+SBJSON.m"; sourceTree = "<group>"; };
		D6E7B47211B36D42005CAA34 /* SBJSON.h */ = {isa = PBXFileReference; fileEncoding = 4; lastKnownFileType = sourcecode.c.h; path = SBJSON.h; sourceTree = "<group>"; };
		D6E7B47311B36D42005CAA34 /* SBJSON.m */ = {isa = PBXFileReference; fileEncoding = 4; lastKnownFileType = sourcecode.c.objc; path = SBJSON.m; sourceTree = "<group>"; };
		D6E7B47411B36D42005CAA34 /* SBJsonBase.h */ = {isa = PBXFileReference; fileEncoding = 4; lastKnownFileType = sourcecode.c.h; path = SBJsonBase.h; sourceTree = "<group>"; };
		D6E7B47511B36D42005CAA34 /* SBJsonBase.m */ = {isa = PBXFileReference; fileEncoding = 4; lastKnownFileType = sourcecode.c.objc; path = SBJsonBase.m; sourceTree = "<group>"; };
		D6E7B47611B36D42005CAA34 /* SBJsonParser.h */ = {isa = PBXFileReference; fileEncoding = 4; lastKnownFileType = sourcecode.c.h; path = SBJsonParser.h; sourceTree = "<group>"; };
		D6E7B47711B36D42005CAA34 /* SBJsonParser.m */ = {isa = PBXFileReference; fileEncoding = 4; lastKnownFileType = sourcecode.c.objc; path = SBJsonParser.m; sourceTree = "<group>"; };
		D6E7B47811B36D42005CAA34 /* SBJsonWriter.h */ = {isa = PBXFileReference; fileEncoding = 4; lastKnownFileType = sourcecode.c.h; path = SBJsonWriter.h; sourceTree = "<group>"; };
		D6E7B47911B36D42005CAA34 /* SBJsonWriter.m */ = {isa = PBXFileReference; fileEncoding = 4; lastKnownFileType = sourcecode.c.objc; path = SBJsonWriter.m; sourceTree = "<group>"; };
/* End PBXFileReference section */

/* Begin PBXFrameworksBuildPhase section */
		D2AAC07C0554694100DB518D /* Frameworks */ = {
			isa = PBXFrameworksBuildPhase;
			buildActionMask = 2147483647;
			files = (
				AACBBE4A0F95108600F1A2B1 /* Foundation.framework in Frameworks */,
				D629938011AB2DF300CE0FB0 /* UIKit.framework in Frameworks */,
			);
			runOnlyForDeploymentPostprocessing = 0;
		};
/* End PBXFrameworksBuildPhase section */

/* Begin PBXGroup section */
		034768DFFF38A50411DB9C8B /* Products */ = {
			isa = PBXGroup;
			children = (
				D2AAC07E0554694100DB518D /* libFrank.a */,
			);
			name = Products;
			sourceTree = "<group>";
		};
		0867D691FE84028FC02AAC07 /* Frank */ = {
			isa = PBXGroup;
			children = (
				D6782D8511BC423900FD0CE1 /* frank_static_resources.bundle */,
				D62AEFA911B4897B00B824F3 /* cucumber */,
				D629926711AB2CF700CE0FB0 /* 3rd Party */,
				08FB77AEFE84172EC02AAC07 /* src */,
				32C88DFF0371C24200C91783 /* Other Sources */,
				0867D69AFE84028FC02AAC07 /* Frameworks */,
				034768DFFF38A50411DB9C8B /* Products */,
			);
			name = Frank;
			sourceTree = "<group>";
		};
		0867D69AFE84028FC02AAC07 /* Frameworks */ = {
			isa = PBXGroup;
			children = (
				AACBBE490F95108600F1A2B1 /* Foundation.framework */,
				D629937F11AB2DF300CE0FB0 /* UIKit.framework */,
			);
			name = Frameworks;
			sourceTree = "<group>";
		};
		08FB77AEFE84172EC02AAC07 /* src */ = {
			isa = PBXGroup;
			children = (
				D67F2AAB13F5E7FA00A0BFF1 /* AccessibilityCheckCommand.h */,
				D67F2AAC13F5E7FA00A0BFF1 /* AccessibilityCheckCommand.m */,
				4C1DD76812BADFE100E10B8C /* OrientationCommand.m */,
				4C1DD76912BADFE100E10B8C /* OrientationCommand.h */,
				4C1DD76A12BADFE100E10B8C /* AppCommand.m */,
				4C1DD76B12BADFE100E10B8C /* AppCommand.h */,
				D6D79B5B11D7FB8B003E0E60 /* Operation.h */,
				D6D79B5C11D7FB8B003E0E60 /* Operation.m */,
				D6D05CA111C883AA0081C5A5 /* DumpCommand.h */,
				D6D05CA211C883AA0081C5A5 /* DumpCommand.m */,
				D6D05CA311C883AA0081C5A5 /* FrankCommandRoute.h */,
				D6D05CA411C883AA0081C5A5 /* FrankCommandRoute.m */,
				D6D05CA511C883AA0081C5A5 /* FrankServer.h */,
				D6D05CA611C883AA0081C5A5 /* FrankServer.m */,
				D6D05CA711C883AA0081C5A5 /* MapOperationCommand.h */,
				D6D05CA811C883AA0081C5A5 /* MapOperationCommand.m */,
				D6D05CAB11C883AA0081C5A5 /* RequestRouter.h */,
				D6D05CAC11C883AA0081C5A5 /* RequestRouter.m */,
				D6D05CAD11C883AA0081C5A5 /* RoutingHTTPConnection.h */,
				D6D05CAE11C883AA0081C5A5 /* RoutingHTTPConnection.m */,
				D6D05CAF11C883AA0081C5A5 /* StaticResourcesRoute.h */,
				D6D05CB011C883AA0081C5A5 /* StaticResourcesRoute.m */,
				D6D05CB111C883AA0081C5A5 /* UISpecCommandReceiver.h */,
				D6D05CB211C883AA0081C5A5 /* UISpecCommandReceiver.m */,
			);
			name = src;
			sourceTree = "<group>";
		};
		32C88DFF0371C24200C91783 /* Other Sources */ = {
			isa = PBXGroup;
			children = (
				AA747D9E0F9514B9006C5449 /* Frank_Prefix.pch */,
			);
			name = "Other Sources";
			sourceTree = "<group>";
		};
		D629926711AB2CF700CE0FB0 /* 3rd Party */ = {
			isa = PBXGroup;
			children = (
				D6E7B46C11B36D42005CAA34 /* JSON */,
				D62992AB11AB2DDD00CE0FB0 /* uispec */,
				D629926811AB2D0500CE0FB0 /* cocoahttpserver */,
			);
			name = "3rd Party";
			sourceTree = "<group>";
		};
		D629926811AB2D0500CE0FB0 /* cocoahttpserver */ = {
			isa = PBXGroup;
			children = (
				D629927111AB2D4C00CE0FB0 /* DDData.h */,
				D629927211AB2D4C00CE0FB0 /* DDData.m */,
				D629927311AB2D4C00CE0FB0 /* DDNumber.h */,
				D629927411AB2D4C00CE0FB0 /* DDNumber.m */,
				D629927511AB2D4C00CE0FB0 /* DDRange.h */,
				D629927611AB2D4C00CE0FB0 /* DDRange.m */,
				D629927711AB2D4C00CE0FB0 /* HTTPAuthenticationRequest.h */,
				D629927811AB2D4C00CE0FB0 /* HTTPAuthenticationRequest.m */,
				D629927911AB2D4C00CE0FB0 /* HTTPConnection.h */,
				D629927A11AB2D4C00CE0FB0 /* HTTPConnection.m */,
				D629927B11AB2D4C00CE0FB0 /* HTTPResponse.h */,
				D629927C11AB2D4C00CE0FB0 /* HTTPResponse.m */,
				D629927D11AB2D4C00CE0FB0 /* HTTPServer.h */,
				D629927E11AB2D4C00CE0FB0 /* HTTPServer.m */,
				D629927F11AB2D4C00CE0FB0 /* MyHTTPConnection.h */,
				D629928011AB2D4C00CE0FB0 /* MyHTTPConnection.m */,
				D629926911AB2D1F00CE0FB0 /* AsyncSocket.h */,
				D629926A11AB2D1F00CE0FB0 /* AsyncSocket.m */,
			);
			name = cocoahttpserver;
			sourceTree = "<group>";
		};
		D62992AB11AB2DDD00CE0FB0 /* uispec */ = {
			isa = PBXGroup;
			children = (
				D62992AC11AB2DDD00CE0FB0 /* components */,
				D62992B911AB2DDD00CE0FB0 /* dsl */,
				D62992D911AB2DDD00CE0FB0 /* UISpec.bundle */,
				D62992DA11AB2DDD00CE0FB0 /* UISpec.h */,
				D62992DB11AB2DDD00CE0FB0 /* UISpec.m */,
				D62992DC11AB2DDD00CE0FB0 /* utils */,
			);
			name = uispec;
			path = lib/uispec;
			sourceTree = "<group>";
		};
		D62992AC11AB2DDD00CE0FB0 /* components */ = {
			isa = PBXGroup;
			children = (
				D6C8BCC3137CD5E2000EF521 /* UIQueryScrollView.h */,
				D6C8BCC4137CD5E2000EF521 /* UIQueryScrollView.m */,
				D62992AD11AB2DDD00CE0FB0 /* UIQuerySearchBar.h */,
				D62992AE11AB2DDD00CE0FB0 /* UIQuerySearchBar.m */,
				D62992AF11AB2DDD00CE0FB0 /* UIQuerySegmentedControl.h */,
				D62992B011AB2DDD00CE0FB0 /* UIQuerySegmentedControl.m */,
				D62992B111AB2DDD00CE0FB0 /* UIQueryTabBar.h */,
				D62992B211AB2DDD00CE0FB0 /* UIQueryTabBar.m */,
				D62992B311AB2DDD00CE0FB0 /* UIQueryTableView.h */,
				D62992B411AB2DDD00CE0FB0 /* UIQueryTableView.m */,
				D62992B511AB2DDD00CE0FB0 /* UIQueryTableViewCell.h */,
				D62992B611AB2DDD00CE0FB0 /* UIQueryTableViewCell.m */,
				D62992B711AB2DDD00CE0FB0 /* UIQueryWebView.h */,
				D62992B811AB2DDD00CE0FB0 /* UIQueryWebView.m */,
			);
			path = components;
			sourceTree = "<group>";
		};
		D62992B911AB2DDD00CE0FB0 /* dsl */ = {
			isa = PBXGroup;
			children = (
				D62992BA11AB2DDD00CE0FB0 /* Recordable.h */,
				D62992BB11AB2DDD00CE0FB0 /* Recordable.m */,
				D62992BC11AB2DDD00CE0FB0 /* UIChildren.h */,
				D62992BD11AB2DDD00CE0FB0 /* UIChildren.m */,
				D62992BE11AB2DDD00CE0FB0 /* UIConsoleLog.h */,
				D62992BF11AB2DDD00CE0FB0 /* UIConsoleLog.m */,
				D62992C011AB2DDD00CE0FB0 /* UIDescendants.h */,
				D62992C111AB2DDD00CE0FB0 /* UIDescendants.m */,
				D62992C211AB2DDD00CE0FB0 /* UIExpectation.h */,
				D62992C311AB2DDD00CE0FB0 /* UIExpectation.m */,
				D62992C411AB2DDD00CE0FB0 /* UIFilter.h */,
				D62992C511AB2DDD00CE0FB0 /* UIFilter.m */,
				D62992C611AB2DDD00CE0FB0 /* UILog.h */,
				D62992C711AB2DDD00CE0FB0 /* UIMatcher.h */,
				D62992C811AB2DDD00CE0FB0 /* UIMatcher.m */,
				D62992C911AB2DDD00CE0FB0 /* UIParents.h */,
				D62992CA11AB2DDD00CE0FB0 /* UIParents.m */,
				D62992CB11AB2DDD00CE0FB0 /* UIQuery.h */,
				D62992CC11AB2DDD00CE0FB0 /* UIQuery.m */,
				D62992CD11AB2DDD00CE0FB0 /* UIQueryAll.h */,
				D62992CE11AB2DDD00CE0FB0 /* UIQueryAll.m */,
				D62992CF11AB2DDD00CE0FB0 /* UIQueryExpectation.h */,
				D62992D011AB2DDD00CE0FB0 /* UIQueryExpectation.m */,
				D62992D111AB2DDD00CE0FB0 /* UIRedoer.h */,
				D62992D211AB2DDD00CE0FB0 /* UIRedoer.m */,
				D62992D311AB2DDD00CE0FB0 /* UISwizzle.h */,
				D62992D411AB2DDD00CE0FB0 /* UISwizzle.m */,
				D62992D511AB2DDD00CE0FB0 /* UITraversal.h */,
				D62992D611AB2DDD00CE0FB0 /* UITraversal.m */,
				D62992D711AB2DDD00CE0FB0 /* ViewFilterSwizzler.h */,
				D62992D811AB2DDD00CE0FB0 /* ViewFilterSwizzler.m */,
			);
			path = dsl;
			sourceTree = "<group>";
		};
		D62992DC11AB2DDD00CE0FB0 /* utils */ = {
			isa = PBXGroup;
			children = (
				D62992DD11AB2DDD00CE0FB0 /* CallCache.h */,
				D62992DE11AB2DDD00CE0FB0 /* CallCache.m */,
				D62992DF11AB2DDD00CE0FB0 /* NSNumberCreator.h */,
				D62992E011AB2DDD00CE0FB0 /* NSNumberCreator.m */,
				D62992E111AB2DDD00CE0FB0 /* ReturnCacher.h */,
				D62992E211AB2DDD00CE0FB0 /* ReturnCacher.m */,
				D62992E311AB2DDD00CE0FB0 /* UIBug.h */,
				D62992E411AB2DDD00CE0FB0 /* UIBug.m */,
				D62992E511AB2DDD00CE0FB0 /* UIConsole.h */,
				D62992E611AB2DDD00CE0FB0 /* UIConsole.m */,
				D62992E711AB2DDD00CE0FB0 /* UIInspector.h */,
				D62992E811AB2DDD00CE0FB0 /* UIInspector.m */,
				D62992E911AB2DDD00CE0FB0 /* UIProxy.h */,
				D62992EA11AB2DDD00CE0FB0 /* UIProxy.m */,
				D62992EB11AB2DDD00CE0FB0 /* WaitUntilIdle.h */,
				D62992EC11AB2DDD00CE0FB0 /* WaitUntilIdle.m */,
			);
			path = utils;
			sourceTree = "<group>";
		};
		D62AEFA911B4897B00B824F3 /* cucumber */ = {
			isa = PBXGroup;
			children = (
				D62AEFAA11B4897B00B824F3 /* env.rb */,
				D62AEFAB11B4897B00B824F3 /* frank_helper.rb */,
			);
			path = cucumber;
			sourceTree = "<group>";
		};
		D6E7B46C11B36D42005CAA34 /* JSON */ = {
			isa = PBXGroup;
			children = (
				D6E7B46D11B36D42005CAA34 /* JSON.h */,
				D6E7B46E11B36D42005CAA34 /* NSObject+SBJSON.h */,
				D6E7B46F11B36D42005CAA34 /* NSObject+SBJSON.m */,
				D6E7B47011B36D42005CAA34 /* NSString+SBJSON.h */,
				D6E7B47111B36D42005CAA34 /* NSString+SBJSON.m */,
				D6E7B47211B36D42005CAA34 /* SBJSON.h */,
				D6E7B47311B36D42005CAA34 /* SBJSON.m */,
				D6E7B47411B36D42005CAA34 /* SBJsonBase.h */,
				D6E7B47511B36D42005CAA34 /* SBJsonBase.m */,
				D6E7B47611B36D42005CAA34 /* SBJsonParser.h */,
				D6E7B47711B36D42005CAA34 /* SBJsonParser.m */,
				D6E7B47811B36D42005CAA34 /* SBJsonWriter.h */,
				D6E7B47911B36D42005CAA34 /* SBJsonWriter.m */,
			);
			name = JSON;
			path = lib/JSON;
			sourceTree = "<group>";
		};
/* End PBXGroup section */

/* Begin PBXHeadersBuildPhase section */
		D2AAC07A0554694100DB518D /* Headers */ = {
			isa = PBXHeadersBuildPhase;
			buildActionMask = 2147483647;
			files = (
				AA747D9F0F9514B9006C5449 /* Frank_Prefix.pch in Headers */,
				D629926B11AB2D1F00CE0FB0 /* AsyncSocket.h in Headers */,
				D629928111AB2D4C00CE0FB0 /* DDData.h in Headers */,
				D629928311AB2D4C00CE0FB0 /* DDNumber.h in Headers */,
				D629928511AB2D4C00CE0FB0 /* DDRange.h in Headers */,
				D629928711AB2D4C00CE0FB0 /* HTTPAuthenticationRequest.h in Headers */,
				D629928911AB2D4C00CE0FB0 /* HTTPConnection.h in Headers */,
				D629928B11AB2D4C00CE0FB0 /* HTTPResponse.h in Headers */,
				D629928D11AB2D4C00CE0FB0 /* HTTPServer.h in Headers */,
				D629928F11AB2D4C00CE0FB0 /* MyHTTPConnection.h in Headers */,
				D62992ED11AB2DDD00CE0FB0 /* UIQuerySearchBar.h in Headers */,
				D62992EF11AB2DDD00CE0FB0 /* UIQuerySegmentedControl.h in Headers */,
				D62992F111AB2DDD00CE0FB0 /* UIQueryTabBar.h in Headers */,
				D62992F311AB2DDD00CE0FB0 /* UIQueryTableView.h in Headers */,
				D62992F511AB2DDD00CE0FB0 /* UIQueryTableViewCell.h in Headers */,
				D62992F711AB2DDD00CE0FB0 /* UIQueryWebView.h in Headers */,
				D62992F911AB2DDD00CE0FB0 /* Recordable.h in Headers */,
				D62992FB11AB2DDD00CE0FB0 /* UIChildren.h in Headers */,
				D62992FD11AB2DDD00CE0FB0 /* UIConsoleLog.h in Headers */,
				D62992FF11AB2DDD00CE0FB0 /* UIDescendants.h in Headers */,
				D629930111AB2DDD00CE0FB0 /* UIExpectation.h in Headers */,
				D629930311AB2DDD00CE0FB0 /* UIFilter.h in Headers */,
				D629930511AB2DDD00CE0FB0 /* UILog.h in Headers */,
				D629930611AB2DDD00CE0FB0 /* UIMatcher.h in Headers */,
				D629930811AB2DDD00CE0FB0 /* UIParents.h in Headers */,
				D629930A11AB2DDD00CE0FB0 /* UIQuery.h in Headers */,
				D629930C11AB2DDD00CE0FB0 /* UIQueryAll.h in Headers */,
				D629930E11AB2DDD00CE0FB0 /* UIQueryExpectation.h in Headers */,
				D629931011AB2DDD00CE0FB0 /* UIRedoer.h in Headers */,
				D629931211AB2DDD00CE0FB0 /* UISwizzle.h in Headers */,
				D629931411AB2DDD00CE0FB0 /* UITraversal.h in Headers */,
				D629931611AB2DDD00CE0FB0 /* ViewFilterSwizzler.h in Headers */,
				D629931811AB2DDD00CE0FB0 /* UISpec.h in Headers */,
				D629931A11AB2DDD00CE0FB0 /* CallCache.h in Headers */,
				D629931C11AB2DDD00CE0FB0 /* NSNumberCreator.h in Headers */,
				D629931E11AB2DDD00CE0FB0 /* ReturnCacher.h in Headers */,
				D629932011AB2DDD00CE0FB0 /* UIBug.h in Headers */,
				D629932211AB2DDD00CE0FB0 /* UIConsole.h in Headers */,
				D629932411AB2DDD00CE0FB0 /* UIInspector.h in Headers */,
				D629932611AB2DDD00CE0FB0 /* UIProxy.h in Headers */,
				D629932811AB2DDD00CE0FB0 /* WaitUntilIdle.h in Headers */,
				D6E7B47A11B36D42005CAA34 /* JSON.h in Headers */,
				D6E7B47B11B36D42005CAA34 /* NSObject+SBJSON.h in Headers */,
				D6E7B47D11B36D42005CAA34 /* NSString+SBJSON.h in Headers */,
				D6E7B47F11B36D42005CAA34 /* SBJSON.h in Headers */,
				D6E7B48111B36D42005CAA34 /* SBJsonBase.h in Headers */,
				D6E7B48311B36D42005CAA34 /* SBJsonParser.h in Headers */,
				D6E7B48511B36D42005CAA34 /* SBJsonWriter.h in Headers */,
				D6D05CB311C883AA0081C5A5 /* DumpCommand.h in Headers */,
				D6D05CB511C883AA0081C5A5 /* FrankCommandRoute.h in Headers */,
				D6D05CB711C883AA0081C5A5 /* FrankServer.h in Headers */,
				D6D05CB911C883AA0081C5A5 /* MapOperationCommand.h in Headers */,
				D6D05CBD11C883AA0081C5A5 /* RequestRouter.h in Headers */,
				D6D05CBF11C883AA0081C5A5 /* RoutingHTTPConnection.h in Headers */,
				D6D05CC111C883AA0081C5A5 /* StaticResourcesRoute.h in Headers */,
				D6D05CC311C883AA0081C5A5 /* UISpecCommandReceiver.h in Headers */,
				D6D79B5D11D7FB8B003E0E60 /* Operation.h in Headers */,
				4C1DD76D12BADFE100E10B8C /* OrientationCommand.h in Headers */,
				4C1DD76F12BADFE100E10B8C /* AppCommand.h in Headers */,
				D6C8BCC5137CD5E2000EF521 /* UIQueryScrollView.h in Headers */,
				D67F2AAD13F5E7FA00A0BFF1 /* AccessibilityCheckCommand.h in Headers */,
			);
			runOnlyForDeploymentPostprocessing = 0;
		};
/* End PBXHeadersBuildPhase section */

/* Begin PBXNativeTarget section */
		D2AAC07D0554694100DB518D /* Frank */ = {
			isa = PBXNativeTarget;
			buildConfigurationList = 1DEB921E08733DC00010E9CD /* Build configuration list for PBXNativeTarget "Frank" */;
			buildPhases = (
				D2AAC07A0554694100DB518D /* Headers */,
				D2AAC07B0554694100DB518D /* Sources */,
				D2AAC07C0554694100DB518D /* Frameworks */,
				D6782DD711BC67FE00FD0CE1 /* Resources */,
			);
			buildRules = (
			);
			dependencies = (
			);
			name = Frank;
			productName = Frank;
			productReference = D2AAC07E0554694100DB518D /* libFrank.a */;
			productType = "com.apple.product-type.library.static";
		};
/* End PBXNativeTarget section */

/* Begin PBXProject section */
		0867D690FE84028FC02AAC07 /* Project object */ = {
			isa = PBXProject;
			buildConfigurationList = 1DEB922208733DC00010E9CD /* Build configuration list for PBXProject "Frank" */;
			compatibilityVersion = "Xcode 3.1";
			developmentRegion = English;
			hasScannedForEncodings = 1;
			knownRegions = (
				English,
				Japanese,
				French,
				German,
			);
			mainGroup = 0867D691FE84028FC02AAC07 /* Frank */;
			productRefGroup = 034768DFFF38A50411DB9C8B /* Products */;
			projectDirPath = "";
			projectRoot = "";
			targets = (
				D2AAC07D0554694100DB518D /* Frank */,
			);
		};
/* End PBXProject section */

/* Begin PBXResourcesBuildPhase section */
		D6782DD711BC67FE00FD0CE1 /* Resources */ = {
			isa = PBXResourcesBuildPhase;
			buildActionMask = 2147483647;
			files = (
			);
			runOnlyForDeploymentPostprocessing = 0;
		};
/* End PBXResourcesBuildPhase section */

/* Begin PBXSourcesBuildPhase section */
		D2AAC07B0554694100DB518D /* Sources */ = {
			isa = PBXSourcesBuildPhase;
			buildActionMask = 2147483647;
			files = (
				D629926C11AB2D1F00CE0FB0 /* AsyncSocket.m in Sources */,
				D629928211AB2D4C00CE0FB0 /* DDData.m in Sources */,
				D629928411AB2D4C00CE0FB0 /* DDNumber.m in Sources */,
				D629928611AB2D4C00CE0FB0 /* DDRange.m in Sources */,
				D629928811AB2D4C00CE0FB0 /* HTTPAuthenticationRequest.m in Sources */,
				D629928A11AB2D4C00CE0FB0 /* HTTPConnection.m in Sources */,
				D629928C11AB2D4C00CE0FB0 /* HTTPResponse.m in Sources */,
				D629928E11AB2D4C00CE0FB0 /* HTTPServer.m in Sources */,
				D629929011AB2D4C00CE0FB0 /* MyHTTPConnection.m in Sources */,
				D62992EE11AB2DDD00CE0FB0 /* UIQuerySearchBar.m in Sources */,
				D62992F011AB2DDD00CE0FB0 /* UIQuerySegmentedControl.m in Sources */,
				D62992F211AB2DDD00CE0FB0 /* UIQueryTabBar.m in Sources */,
				D62992F411AB2DDD00CE0FB0 /* UIQueryTableView.m in Sources */,
				D62992F611AB2DDD00CE0FB0 /* UIQueryTableViewCell.m in Sources */,
				D62992F811AB2DDD00CE0FB0 /* UIQueryWebView.m in Sources */,
				D62992FA11AB2DDD00CE0FB0 /* Recordable.m in Sources */,
				D62992FC11AB2DDD00CE0FB0 /* UIChildren.m in Sources */,
				D62992FE11AB2DDD00CE0FB0 /* UIConsoleLog.m in Sources */,
				D629930011AB2DDD00CE0FB0 /* UIDescendants.m in Sources */,
				D629930211AB2DDD00CE0FB0 /* UIExpectation.m in Sources */,
				D629930411AB2DDD00CE0FB0 /* UIFilter.m in Sources */,
				D629930711AB2DDD00CE0FB0 /* UIMatcher.m in Sources */,
				D629930911AB2DDD00CE0FB0 /* UIParents.m in Sources */,
				D629930B11AB2DDD00CE0FB0 /* UIQuery.m in Sources */,
				D629930D11AB2DDD00CE0FB0 /* UIQueryAll.m in Sources */,
				D629930F11AB2DDD00CE0FB0 /* UIQueryExpectation.m in Sources */,
				D629931111AB2DDD00CE0FB0 /* UIRedoer.m in Sources */,
				D629931311AB2DDD00CE0FB0 /* UISwizzle.m in Sources */,
				D629931511AB2DDD00CE0FB0 /* UITraversal.m in Sources */,
				D629931711AB2DDD00CE0FB0 /* ViewFilterSwizzler.m in Sources */,
				D629931911AB2DDD00CE0FB0 /* UISpec.m in Sources */,
				D629931B11AB2DDD00CE0FB0 /* CallCache.m in Sources */,
				D629931D11AB2DDD00CE0FB0 /* NSNumberCreator.m in Sources */,
				D629931F11AB2DDD00CE0FB0 /* ReturnCacher.m in Sources */,
				D629932111AB2DDD00CE0FB0 /* UIBug.m in Sources */,
				D629932311AB2DDD00CE0FB0 /* UIConsole.m in Sources */,
				D629932511AB2DDD00CE0FB0 /* UIInspector.m in Sources */,
				D629932711AB2DDD00CE0FB0 /* UIProxy.m in Sources */,
				D629932911AB2DDD00CE0FB0 /* WaitUntilIdle.m in Sources */,
				D6E7B47C11B36D42005CAA34 /* NSObject+SBJSON.m in Sources */,
				D6E7B47E11B36D42005CAA34 /* NSString+SBJSON.m in Sources */,
				D6E7B48011B36D42005CAA34 /* SBJSON.m in Sources */,
				D6E7B48211B36D42005CAA34 /* SBJsonBase.m in Sources */,
				D6E7B48411B36D42005CAA34 /* SBJsonParser.m in Sources */,
				D6E7B48611B36D42005CAA34 /* SBJsonWriter.m in Sources */,
				D6D05CB411C883AA0081C5A5 /* DumpCommand.m in Sources */,
				D6D05CB611C883AA0081C5A5 /* FrankCommandRoute.m in Sources */,
				D6D05CB811C883AA0081C5A5 /* FrankServer.m in Sources */,
				D6D05CBA11C883AA0081C5A5 /* MapOperationCommand.m in Sources */,
				D6D05CBE11C883AA0081C5A5 /* RequestRouter.m in Sources */,
				D6D05CC011C883AA0081C5A5 /* RoutingHTTPConnection.m in Sources */,
				D6D05CC211C883AA0081C5A5 /* StaticResourcesRoute.m in Sources */,
				D6D05CC411C883AA0081C5A5 /* UISpecCommandReceiver.m in Sources */,
				D6D79B5E11D7FB8B003E0E60 /* Operation.m in Sources */,
				4C1DD76C12BADFE100E10B8C /* OrientationCommand.m in Sources */,
				4C1DD76E12BADFE100E10B8C /* AppCommand.m in Sources */,
				D6C8BCC6137CD5E2000EF521 /* UIQueryScrollView.m in Sources */,
				D67F2AAE13F5E7FA00A0BFF1 /* AccessibilityCheckCommand.m in Sources */,
			);
			runOnlyForDeploymentPostprocessing = 0;
		};
/* End PBXSourcesBuildPhase section */

/* Begin XCBuildConfiguration section */
		1DEB921F08733DC00010E9CD /* Debug */ = {
			isa = XCBuildConfiguration;
			buildSettings = {
				ALWAYS_SEARCH_USER_PATHS = NO;
				ARCHS = "$(ARCHS_STANDARD_32_BIT)";
				COPY_PHASE_STRIP = NO;
				DSTROOT = /tmp/Frank.dst;
				GCC_DYNAMIC_NO_PIC = NO;
				GCC_ENABLE_FIX_AND_CONTINUE = YES;
				GCC_MODEL_TUNING = G5;
				GCC_OPTIMIZATION_LEVEL = 0;
				GCC_PRECOMPILE_PREFIX_HEADER = YES;
				GCC_PREFIX_HEADER = Frank_Prefix.pch;
				INSTALL_PATH = /usr/local/lib;
				PRODUCT_NAME = Frank;
				SDKROOT = iphoneos;
			};
			name = Debug;
		};
		1DEB922008733DC00010E9CD /* Release */ = {
			isa = XCBuildConfiguration;
			buildSettings = {
				ALWAYS_SEARCH_USER_PATHS = NO;
				ARCHS = "$(ARCHS_STANDARD_32_BIT)";
				DSTROOT = /tmp/Frank.dst;
				GCC_MODEL_TUNING = G5;
				GCC_PRECOMPILE_PREFIX_HEADER = YES;
				GCC_PREFIX_HEADER = Frank_Prefix.pch;
				INSTALL_PATH = /usr/local/lib;
				PRODUCT_NAME = Frank;
				SDKROOT = iphoneos;
			};
			name = Release;
		};
		1DEB922308733DC00010E9CD /* Debug */ = {
			isa = XCBuildConfiguration;
			buildSettings = {
				ARCHS = "$(ARCHS_STANDARD_32_BIT)";
				GCC_C_LANGUAGE_STANDARD = c99;
				GCC_OPTIMIZATION_LEVEL = 0;
				GCC_WARN_ABOUT_RETURN_TYPE = YES;
				GCC_WARN_UNUSED_VARIABLE = YES;
				OTHER_LDFLAGS = "-ObjC";
				PREBINDING = NO;
				SDKROOT = iphoneos;
			};
			name = Debug;
		};
		1DEB922408733DC00010E9CD /* Release */ = {
			isa = XCBuildConfiguration;
			buildSettings = {
				ARCHS = "$(ARCHS_STANDARD_32_BIT)";
				GCC_C_LANGUAGE_STANDARD = c99;
				GCC_WARN_ABOUT_RETURN_TYPE = YES;
				GCC_WARN_UNUSED_VARIABLE = YES;
				OTHER_LDFLAGS = "-ObjC";
				PREBINDING = NO;
				SDKROOT = iphoneos;
			};
			name = Release;
		};
/* End XCBuildConfiguration section */

/* Begin XCConfigurationList section */
		1DEB921E08733DC00010E9CD /* Build configuration list for PBXNativeTarget "Frank" */ = {
			isa = XCConfigurationList;
			buildConfigurations = (
				1DEB921F08733DC00010E9CD /* Debug */,
				1DEB922008733DC00010E9CD /* Release */,
			);
			defaultConfigurationIsVisible = 0;
			defaultConfigurationName = Release;
		};
		1DEB922208733DC00010E9CD /* Build configuration list for PBXProject "Frank" */ = {
			isa = XCConfigurationList;
			buildConfigurations = (
				1DEB922308733DC00010E9CD /* Debug */,
				1DEB922408733DC00010E9CD /* Release */,
			);
			defaultConfigurationIsVisible = 0;
			defaultConfigurationName = Release;
		};
/* End XCConfigurationList section */
	};
	rootObject = 0867D690FE84028FC02AAC07 /* Project object */;
}
